
Microsoft Visual Studio Solution File, Format Version 12.00
# Visual Studio Version 17
VisualStudioVersion = 17.5.002.0
MinimumVisualStudioVersion = 10.0.40219.1
Project("{9A19103F-16F7-4668-BE54-9A1E7A4F7556}") = "TransformDataServiceTests", "TransformDataServiceTests\TransformDataServiceTests.csproj", "{1A1A18D6-E69D-4412-9D1A-3E5D05B131B0}"
EndProject
Project("{9A19103F-16F7-4668-BE54-9A1E7A4F7556}") = "integration", "integration\integration.csproj", "{E094F778-9A05-426C-8D50-B82749768380}"
EndProject
Project("{9A19103F-16F7-4668-BE54-9A1E7A4F7556}") = "TestUtils", "TestUtils\TestUtils.csproj", "{204182A6-E651-45B5-B149-8A73B2A6C6A4}"
EndProject
Project("{2150E333-8FDC-42A3-9474-1A3956D46DE8}") = "CohortDistributionTests", "CohortDistributionTests", "{509B5768-DD1F-4878-B5D9-D7262101DE9A}"
EndProject
Project("{9A19103F-16F7-4668-BE54-9A1E7A4F7556}") = "CreateCohortDistributionTests", "CohortDistributionTests\CreateCohortDistributionTests\CreateCohortDistributionTests.csproj", "{2F2B5E19-615E-4D6F-99B8-B9DEE888FF00}"
EndProject
Project("{2150E333-8FDC-42A3-9474-1A3956D46DE8}") = "ParticipantManagementServicesTests", "ParticipantManagementServicesTests", "{1838777D-BE79-4720-B9E6-CA8F0AF0E98F}"
EndProject
Project("{9A19103F-16F7-4668-BE54-9A1E7A4F7556}") = "updateParticipantTests", "ParticipantManagementServicesTests\updateParticipantTests\updateParticipantTests.csproj", "{32E4C88E-3EF1-4B42-B8C8-01FD60158DCA}"
EndProject
Project("{9A19103F-16F7-4668-BE54-9A1E7A4F7556}") = "RemoveParticipantTests", "ParticipantManagementServicesTests\RemoveParticipantTests\RemoveParticipantTests.csproj", "{ADB3C81B-7323-42E4-B30B-34FC1CFF4E29}"
EndProject
Project("{9A19103F-16F7-4668-BE54-9A1E7A4F7556}") = "addParticipantTest", "ParticipantManagementServicesTests\addParticipantTest\addParticipantTest.csproj", "{5DF2A107-8B14-4463-8966-CCD5EDDD47C0}"
EndProject
Project("{2150E333-8FDC-42A3-9474-1A3956D46DE8}") = "screeningDataServicesTests", "screeningDataServicesTests", "{15D018E0-0982-46FC-9653-8311EF7168EF}"
EndProject
Project("{9A19103F-16F7-4668-BE54-9A1E7A4F7556}") = "DemographicDataServiceTests", "screeningDataServicesTests\DemographicDataServiceTests\DemographicDataServiceTests.csproj", "{C76030C4-0E56-4963-902D-CF3239418372}"
EndProject
Project("{9A19103F-16F7-4668-BE54-9A1E7A4F7556}") = "markParticipantAsEligibleTests", "screeningDataServicesTests\markParticipantAsEligibleTests\markParticipantAsEligibleTests.csproj", "{02B55225-7D0F-4276-87D6-5CAB0488AC98}"
EndProject
Project("{9A19103F-16F7-4668-BE54-9A1E7A4F7556}") = "createParticipantTests", "screeningDataServicesTests\createParticipantTests\createParticipantTests.csproj", "{FDA278AC-1918-4F3A-B968-F9F532F6B306}"
EndProject
Project("{9A19103F-16F7-4668-BE54-9A1E7A4F7556}") = "MarkParticipantAsIneligibleTests", "screeningDataServicesTests\MarkParticipantAsIneligibleTests\MarkParticipantAsIneligibleTests.csproj", "{6D2FA0D6-1632-4A50-A245-8D079049D3D4}"
EndProject
Project("{9A19103F-16F7-4668-BE54-9A1E7A4F7556}") = "updateParticipantDetailsTests", "screeningDataServicesTests\updateParticipantDetailsTests\updateParticipantDetailsTests.csproj", "{AC7428DB-2579-48EC-950E-73790397D169}"
EndProject
Project("{2150E333-8FDC-42A3-9474-1A3956D46DE8}") = "DemographicServicesTests", "DemographicServicesTests", "{FD332EFC-D3A2-4745-87C7-5CE62C45B86C}"
EndProject
Project("{9A19103F-16F7-4668-BE54-9A1E7A4F7556}") = "DemographicDataFunctionTests", "DemographicServicesTests\DemographicDataFunctionTests\DemographicDataFunctionTests.csproj", "{FD439C65-02A9-4957-8320-A8DFB83AB503}"
EndProject
Project("{2150E333-8FDC-42A3-9474-1A3956D46DE8}") = "AddCohortDistributionDataTests", "AddCohortDistributionDataTests", "{280E67CD-8039-429B-8104-C043B1A77997}"
EndProject
Project("{9A19103F-16F7-4668-BE54-9A1E7A4F7556}") = "CohortDistributionDataTests", "AddCohortDistributionDataTests\CohortDistributionDataTests\CohortDistributionDataTests.csproj", "{4BC14A03-5D7F-4074-BC84-8E9871DBD3C6}"
EndProject
Project("{2150E333-8FDC-42A3-9474-1A3956D46DE8}") = "CaasIntegrationTests", "CaasIntegrationTests", "{F99526B4-678E-48C7-A972-A76DBDE2138B}"
EndProject
Project("{9A19103F-16F7-4668-BE54-9A1E7A4F7556}") = "processCaasFileTest", "CaasIntegrationTests\processCaasFileTest\processCaasFileTest.csproj", "{01D8C45C-6BA7-4116-90FE-4DEFF1C4FC8F}"
EndProject
Project("{2150E333-8FDC-42A3-9474-1A3956D46DE8}") = "ScreeningValidationServiceTests", "ScreeningValidationServiceTests", "{12D8CF74-576B-4E3F-B884-A9D7117ED420}"
EndProject
Project("{9A19103F-16F7-4668-BE54-9A1E7A4F7556}") = "FileValidationTests", "ScreeningValidationServiceTests\FileValidation\FileValidationTests.csproj", "{E3ACEBBF-07CC-4063-AAC3-1E4EC9A86B4B}"
EndProject
Project("{9A19103F-16F7-4668-BE54-9A1E7A4F7556}") = "StaticValidationTests", "ScreeningValidationServiceTests\StaticValidation\StaticValidationTests.csproj", "{8E366B5E-7390-4E17-8F16-81C0A8B4DD5D}"
EndProject
Project("{9A19103F-16F7-4668-BE54-9A1E7A4F7556}") = "LookupValidationTests", "ScreeningValidationServiceTests\LookupValidation\LookupValidationTests.csproj", "{1850A2E7-AB6B-4069-B768-51C479C69AB7}"
EndProject
Project("{2150E333-8FDC-42A3-9474-1A3956D46DE8}") = "ServiceProviderAllocationServiceTest", "ServiceProviderAllocationServiceTest", "{0593873F-0833-446B-A105-4FDBEE012FC8}"
EndProject
Project("{9A19103F-16F7-4668-BE54-9A1E7A4F7556}") = "AllocateServiceProviderToParticipantByServiceTest", "CohortDistributionTests\ServiceProviderAllocationServiceTest\AllocateServiceProviderToParticipantByServiceTest\AllocateServiceProviderToParticipantByServiceTest.csproj", "{DF2F9DCF-3C41-4DE3-B2A4-728AAFD97591}"
EndProject
Global
	GlobalSection(SolutionConfigurationPlatforms) = preSolution
		Debug|Any CPU = Debug|Any CPU
		Release|Any CPU = Release|Any CPU
	EndGlobalSection
	GlobalSection(ProjectConfigurationPlatforms) = postSolution
		{1A1A18D6-E69D-4412-9D1A-3E5D05B131B0}.Debug|Any CPU.ActiveCfg = Debug|Any CPU
		{1A1A18D6-E69D-4412-9D1A-3E5D05B131B0}.Debug|Any CPU.Build.0 = Debug|Any CPU
		{1A1A18D6-E69D-4412-9D1A-3E5D05B131B0}.Release|Any CPU.ActiveCfg = Release|Any CPU
		{1A1A18D6-E69D-4412-9D1A-3E5D05B131B0}.Release|Any CPU.Build.0 = Release|Any CPU
		{E094F778-9A05-426C-8D50-B82749768380}.Debug|Any CPU.ActiveCfg = Debug|Any CPU
		{E094F778-9A05-426C-8D50-B82749768380}.Debug|Any CPU.Build.0 = Debug|Any CPU
		{E094F778-9A05-426C-8D50-B82749768380}.Release|Any CPU.ActiveCfg = Release|Any CPU
		{E094F778-9A05-426C-8D50-B82749768380}.Release|Any CPU.Build.0 = Release|Any CPU
		{204182A6-E651-45B5-B149-8A73B2A6C6A4}.Debug|Any CPU.ActiveCfg = Debug|Any CPU
		{204182A6-E651-45B5-B149-8A73B2A6C6A4}.Debug|Any CPU.Build.0 = Debug|Any CPU
		{204182A6-E651-45B5-B149-8A73B2A6C6A4}.Release|Any CPU.ActiveCfg = Release|Any CPU
		{204182A6-E651-45B5-B149-8A73B2A6C6A4}.Release|Any CPU.Build.0 = Release|Any CPU
		{2F2B5E19-615E-4D6F-99B8-B9DEE888FF00}.Debug|Any CPU.ActiveCfg = Debug|Any CPU
		{2F2B5E19-615E-4D6F-99B8-B9DEE888FF00}.Debug|Any CPU.Build.0 = Debug|Any CPU
		{2F2B5E19-615E-4D6F-99B8-B9DEE888FF00}.Release|Any CPU.ActiveCfg = Release|Any CPU
		{2F2B5E19-615E-4D6F-99B8-B9DEE888FF00}.Release|Any CPU.Build.0 = Release|Any CPU
		{32E4C88E-3EF1-4B42-B8C8-01FD60158DCA}.Debug|Any CPU.ActiveCfg = Debug|Any CPU
		{32E4C88E-3EF1-4B42-B8C8-01FD60158DCA}.Debug|Any CPU.Build.0 = Debug|Any CPU
		{32E4C88E-3EF1-4B42-B8C8-01FD60158DCA}.Release|Any CPU.ActiveCfg = Release|Any CPU
		{32E4C88E-3EF1-4B42-B8C8-01FD60158DCA}.Release|Any CPU.Build.0 = Release|Any CPU
		{ADB3C81B-7323-42E4-B30B-34FC1CFF4E29}.Debug|Any CPU.ActiveCfg = Debug|Any CPU
		{ADB3C81B-7323-42E4-B30B-34FC1CFF4E29}.Debug|Any CPU.Build.0 = Debug|Any CPU
		{ADB3C81B-7323-42E4-B30B-34FC1CFF4E29}.Release|Any CPU.ActiveCfg = Release|Any CPU
		{ADB3C81B-7323-42E4-B30B-34FC1CFF4E29}.Release|Any CPU.Build.0 = Release|Any CPU
		{5DF2A107-8B14-4463-8966-CCD5EDDD47C0}.Debug|Any CPU.ActiveCfg = Debug|Any CPU
		{5DF2A107-8B14-4463-8966-CCD5EDDD47C0}.Debug|Any CPU.Build.0 = Debug|Any CPU
		{5DF2A107-8B14-4463-8966-CCD5EDDD47C0}.Release|Any CPU.ActiveCfg = Release|Any CPU
		{5DF2A107-8B14-4463-8966-CCD5EDDD47C0}.Release|Any CPU.Build.0 = Release|Any CPU
		{C76030C4-0E56-4963-902D-CF3239418372}.Debug|Any CPU.ActiveCfg = Debug|Any CPU
		{C76030C4-0E56-4963-902D-CF3239418372}.Debug|Any CPU.Build.0 = Debug|Any CPU
		{C76030C4-0E56-4963-902D-CF3239418372}.Release|Any CPU.ActiveCfg = Release|Any CPU
		{C76030C4-0E56-4963-902D-CF3239418372}.Release|Any CPU.Build.0 = Release|Any CPU
		{02B55225-7D0F-4276-87D6-5CAB0488AC98}.Debug|Any CPU.ActiveCfg = Debug|Any CPU
		{02B55225-7D0F-4276-87D6-5CAB0488AC98}.Debug|Any CPU.Build.0 = Debug|Any CPU
		{02B55225-7D0F-4276-87D6-5CAB0488AC98}.Release|Any CPU.ActiveCfg = Release|Any CPU
		{02B55225-7D0F-4276-87D6-5CAB0488AC98}.Release|Any CPU.Build.0 = Release|Any CPU
		{FDA278AC-1918-4F3A-B968-F9F532F6B306}.Debug|Any CPU.ActiveCfg = Debug|Any CPU
		{FDA278AC-1918-4F3A-B968-F9F532F6B306}.Debug|Any CPU.Build.0 = Debug|Any CPU
		{FDA278AC-1918-4F3A-B968-F9F532F6B306}.Release|Any CPU.ActiveCfg = Release|Any CPU
		{FDA278AC-1918-4F3A-B968-F9F532F6B306}.Release|Any CPU.Build.0 = Release|Any CPU
		{6D2FA0D6-1632-4A50-A245-8D079049D3D4}.Debug|Any CPU.ActiveCfg = Debug|Any CPU
		{6D2FA0D6-1632-4A50-A245-8D079049D3D4}.Debug|Any CPU.Build.0 = Debug|Any CPU
		{6D2FA0D6-1632-4A50-A245-8D079049D3D4}.Release|Any CPU.ActiveCfg = Release|Any CPU
		{6D2FA0D6-1632-4A50-A245-8D079049D3D4}.Release|Any CPU.Build.0 = Release|Any CPU
		{AC7428DB-2579-48EC-950E-73790397D169}.Debug|Any CPU.ActiveCfg = Debug|Any CPU
		{AC7428DB-2579-48EC-950E-73790397D169}.Debug|Any CPU.Build.0 = Debug|Any CPU
		{AC7428DB-2579-48EC-950E-73790397D169}.Release|Any CPU.ActiveCfg = Release|Any CPU
		{AC7428DB-2579-48EC-950E-73790397D169}.Release|Any CPU.Build.0 = Release|Any CPU
		{FD439C65-02A9-4957-8320-A8DFB83AB503}.Debug|Any CPU.ActiveCfg = Debug|Any CPU
		{FD439C65-02A9-4957-8320-A8DFB83AB503}.Debug|Any CPU.Build.0 = Debug|Any CPU
		{FD439C65-02A9-4957-8320-A8DFB83AB503}.Release|Any CPU.ActiveCfg = Release|Any CPU
		{FD439C65-02A9-4957-8320-A8DFB83AB503}.Release|Any CPU.Build.0 = Release|Any CPU
		{4BC14A03-5D7F-4074-BC84-8E9871DBD3C6}.Debug|Any CPU.ActiveCfg = Debug|Any CPU
		{4BC14A03-5D7F-4074-BC84-8E9871DBD3C6}.Debug|Any CPU.Build.0 = Debug|Any CPU
		{4BC14A03-5D7F-4074-BC84-8E9871DBD3C6}.Release|Any CPU.ActiveCfg = Release|Any CPU
		{4BC14A03-5D7F-4074-BC84-8E9871DBD3C6}.Release|Any CPU.Build.0 = Release|Any CPU
		{01D8C45C-6BA7-4116-90FE-4DEFF1C4FC8F}.Debug|Any CPU.ActiveCfg = Debug|Any CPU
		{01D8C45C-6BA7-4116-90FE-4DEFF1C4FC8F}.Debug|Any CPU.Build.0 = Debug|Any CPU
		{01D8C45C-6BA7-4116-90FE-4DEFF1C4FC8F}.Release|Any CPU.ActiveCfg = Release|Any CPU
		{01D8C45C-6BA7-4116-90FE-4DEFF1C4FC8F}.Release|Any CPU.Build.0 = Release|Any CPU
		{E3ACEBBF-07CC-4063-AAC3-1E4EC9A86B4B}.Debug|Any CPU.ActiveCfg = Debug|Any CPU
		{E3ACEBBF-07CC-4063-AAC3-1E4EC9A86B4B}.Debug|Any CPU.Build.0 = Debug|Any CPU
		{E3ACEBBF-07CC-4063-AAC3-1E4EC9A86B4B}.Release|Any CPU.ActiveCfg = Release|Any CPU
		{E3ACEBBF-07CC-4063-AAC3-1E4EC9A86B4B}.Release|Any CPU.Build.0 = Release|Any CPU
		{8E366B5E-7390-4E17-8F16-81C0A8B4DD5D}.Debug|Any CPU.ActiveCfg = Debug|Any CPU
		{8E366B5E-7390-4E17-8F16-81C0A8B4DD5D}.Debug|Any CPU.Build.0 = Debug|Any CPU
		{8E366B5E-7390-4E17-8F16-81C0A8B4DD5D}.Release|Any CPU.ActiveCfg = Release|Any CPU
		{8E366B5E-7390-4E17-8F16-81C0A8B4DD5D}.Release|Any CPU.Build.0 = Release|Any CPU
		{1850A2E7-AB6B-4069-B768-51C479C69AB7}.Debug|Any CPU.ActiveCfg = Debug|Any CPU
		{1850A2E7-AB6B-4069-B768-51C479C69AB7}.Debug|Any CPU.Build.0 = Debug|Any CPU
		{1850A2E7-AB6B-4069-B768-51C479C69AB7}.Release|Any CPU.ActiveCfg = Release|Any CPU
		{1850A2E7-AB6B-4069-B768-51C479C69AB7}.Release|Any CPU.Build.0 = Release|Any CPU
		{DF2F9DCF-3C41-4DE3-B2A4-728AAFD97591}.Debug|Any CPU.ActiveCfg = Debug|Any CPU
		{DF2F9DCF-3C41-4DE3-B2A4-728AAFD97591}.Debug|Any CPU.Build.0 = Debug|Any CPU
		{DF2F9DCF-3C41-4DE3-B2A4-728AAFD97591}.Release|Any CPU.ActiveCfg = Release|Any CPU
		{DF2F9DCF-3C41-4DE3-B2A4-728AAFD97591}.Release|Any CPU.Build.0 = Release|Any CPU
	EndGlobalSection
	GlobalSection(SolutionProperties) = preSolution
		HideSolutionNode = FALSE
	EndGlobalSection
	GlobalSection(NestedProjects) = preSolution
		{2F2B5E19-615E-4D6F-99B8-B9DEE888FF00} = {509B5768-DD1F-4878-B5D9-D7262101DE9A}
		{32E4C88E-3EF1-4B42-B8C8-01FD60158DCA} = {1838777D-BE79-4720-B9E6-CA8F0AF0E98F}
		{ADB3C81B-7323-42E4-B30B-34FC1CFF4E29} = {1838777D-BE79-4720-B9E6-CA8F0AF0E98F}
		{5DF2A107-8B14-4463-8966-CCD5EDDD47C0} = {1838777D-BE79-4720-B9E6-CA8F0AF0E98F}
		{C76030C4-0E56-4963-902D-CF3239418372} = {15D018E0-0982-46FC-9653-8311EF7168EF}
		{02B55225-7D0F-4276-87D6-5CAB0488AC98} = {15D018E0-0982-46FC-9653-8311EF7168EF}
		{FDA278AC-1918-4F3A-B968-F9F532F6B306} = {15D018E0-0982-46FC-9653-8311EF7168EF}
		{6D2FA0D6-1632-4A50-A245-8D079049D3D4} = {15D018E0-0982-46FC-9653-8311EF7168EF}
		{AC7428DB-2579-48EC-950E-73790397D169} = {15D018E0-0982-46FC-9653-8311EF7168EF}
		{FD439C65-02A9-4957-8320-A8DFB83AB503} = {FD332EFC-D3A2-4745-87C7-5CE62C45B86C}
		{4BC14A03-5D7F-4074-BC84-8E9871DBD3C6} = {280E67CD-8039-429B-8104-C043B1A77997}
		{01D8C45C-6BA7-4116-90FE-4DEFF1C4FC8F} = {F99526B4-678E-48C7-A972-A76DBDE2138B}
		{E3ACEBBF-07CC-4063-AAC3-1E4EC9A86B4B} = {12D8CF74-576B-4E3F-B884-A9D7117ED420}
		{8E366B5E-7390-4E17-8F16-81C0A8B4DD5D} = {12D8CF74-576B-4E3F-B884-A9D7117ED420}
		{1850A2E7-AB6B-4069-B768-51C479C69AB7} = {12D8CF74-576B-4E3F-B884-A9D7117ED420}
		{0593873F-0833-446B-A105-4FDBEE012FC8} = {509B5768-DD1F-4878-B5D9-D7262101DE9A}
		{DF2F9DCF-3C41-4DE3-B2A4-728AAFD97591} = {0593873F-0833-446B-A105-4FDBEE012FC8}
	EndGlobalSection
	GlobalSection(ExtensibilityGlobals) = postSolution
		SolutionGuid = {611E1E71-BFF3-458E-BE17-9E7D6C165DB1}
	EndGlobalSection
EndGlobal
