Microsoft Visual Studio Solution File, Format Version 12.00
# Visual Studio Version 17
VisualStudioVersion = 17.5.2.0
MinimumVisualStudioVersion = 10.0.40219.1
Project("{FAE04EC0-301F-11D3-BF4B-00C04F79EFBC}") = "receiveCaasFile", "receiveCaasFile.csproj", "{EB1406C3-840A-FC1E-5BB6-893F7C267CC9}"
EndProject
Global
	GlobalSection(SolutionConfigurationPlatforms) = preSolution
		Debug|Any CPU = Debug|Any CPU
		Release|Any CPU = Release|Any CPU
	EndGlobalSection
	GlobalSection(ProjectConfigurationPlatforms) = postSolution
		{EB1406C3-840A-FC1E-5BB6-893F7C267CC9}.Debug|Any CPU.ActiveCfg = Debug|Any CPU
		{EB1406C3-840A-FC1E-5BB6-893F7C267CC9}.Debug|Any CPU.Build.0 = Debug|Any CPU
		{EB1406C3-840A-FC1E-5BB6-893F7C267CC9}.Release|Any CPU.ActiveCfg = Release|Any CPU
		{EB1406C3-840A-FC1E-5BB6-893F7C267CC9}.Release|Any CPU.Build.0 = Release|Any CPU
	EndGlobalSection
	GlobalSection(SolutionProperties) = preSolution
		HideSolutionNode = FALSE
	EndGlobalSection
	GlobalSection(ExtensibilityGlobals) = postSolution
		SolutionGuid = {8258B348-40A8-4B5E-9DED-44454D79E9BC}
	EndGlobalSection
EndGlobal
