Microsoft Visual Studio Solution File, Format Version 12.00
# Visual Studio Version 17
VisualStudioVersion = 17.5.2.0
MinimumVisualStudioVersion = 10.0.40219.1
Project("{FAE04EC0-301F-11D3-BF4B-00C04F79EFBC}") = "receiveCaasFileTest", "receiveCaasFileTest.csproj", "{E310FE70-7DC5-8424-B1E0-C7E11F4934DC}"
EndProject
Global
	GlobalSection(SolutionConfigurationPlatforms) = preSolution
		Debug|Any CPU = Debug|Any CPU
		Release|Any CPU = Release|Any CPU
	EndGlobalSection
	GlobalSection(ProjectConfigurationPlatforms) = postSolution
		{E310FE70-7DC5-8424-B1E0-C7E11F4934DC}.Debug|Any CPU.ActiveCfg = Debug|Any CPU
		{E310FE70-7DC5-8424-B1E0-C7E11F4934DC}.Debug|Any CPU.Build.0 = Debug|Any CPU
		{E310FE70-7DC5-8424-B1E0-C7E11F4934DC}.Release|Any CPU.ActiveCfg = Release|Any CPU
		{E310FE70-7DC5-8424-B1E0-C7E11F4934DC}.Release|Any CPU.Build.0 = Release|Any CPU
	EndGlobalSection
	GlobalSection(SolutionProperties) = preSolution
		HideSolutionNode = FALSE
	EndGlobalSection
	GlobalSection(ExtensibilityGlobals) = postSolution
		SolutionGuid = {84B8A6F6-7048-4231-A9C4-C26710B495DE}
	EndGlobalSection
EndGlobal
