Microsoft Visual Studio Solution File, Format Version 12.00
# Visual Studio Version 17
VisualStudioVersion = 17.0.31825.309
MinimumVisualStudioVersion = 10.0.40219.1
Project("{2150E333-8FDC-42A3-9474-1A3956D46DE8}") = "CaasIntegration", "CaasIntegration", "{937A8411-5A71-43D8-906A-35614DEFD201}"
EndProject
Project("{2150E333-8FDC-42A3-9474-1A3956D46DE8}") = "ScreeningDataServices", "ScreeningDataServices", "{3A61DBD3-B2D4-45D7-9CB6-9BC4C9586467}"
EndProject
Project("{FAE04EC0-301F-11D3-BF4B-00C04F79EFBC}") = "markParticipantAsEligible", "screeningDataServices\markParticipantAsEligible\markParticipantAsEligible.csproj", "{A12A3C14-DA68-4E9F-A9BB-53FF587C0A51}"
EndProject
Project("{FAE04EC0-301F-11D3-BF4B-00C04F79EFBC}") = "markParticipantAsIneligible", "screeningDataServices\markParticipantAsIneligible\markParticipantAsIneligible.csproj", "{323B466B-D2DB-4774-993A-61B2A66715E6}"
EndProject
Project("{FAE04EC0-301F-11D3-BF4B-00C04F79EFBC}") = "CreateParticipant", "screeningDataServices\createParticipant\CreateParticipant.csproj", "{AD400B3E-073B-4BBD-AF0F-EFAAF48A3E58}"
EndProject
Project("{2150E333-8FDC-42A3-9474-1A3956D46DE8}") = "ParticipantManagementServices", "ParticipantManagementServices", "{E1ADFCCC-1FF7-40E6-8D82-301F3FA909A7}"
EndProject
Project("{FAE04EC0-301F-11D3-BF4B-00C04F79EFBC}") = "addParticipant", "ParticipantManagementServices\addParticipant\addParticipant.csproj", "{A47CFB75-1972-4BFB-98A1-9933FD5E086F}"
EndProject
Project("{FAE04EC0-301F-11D3-BF4B-00C04F79EFBC}") = "processCaasFile", "CaasIntegration\processCaasFile\processCaasFile.csproj", "{11BE4A36-F6EC-422E-98F3-D27D4A7717B5}"
EndProject
Project("{FAE04EC0-301F-11D3-BF4B-00C04F79EFBC}") = "receiveCaasFile", "CaasIntegration\receiveCaasFile\receiveCaasFile.csproj", "{AE6D7A1A-E034-470B-8AB5-793AFE4C9C51}"
EndProject
Project("{FAE04EC0-301F-11D3-BF4B-00C04F79EFBC}") = "updateParticipant", "ParticipantManagementServices\updateParticipant\updateParticipant.csproj", "{7BFA62FE-3066-45C1-B675-2266A28D0F96}"
EndProject
Project("{FAE04EC0-301F-11D3-BF4B-00C04F79EFBC}") = "updateParticipantDetails", "screeningDataServices\updateParticipantDetails\updateParticipantDetails.csproj", "{9BDAC0A4-FDCA-40D6-927D-8E1DE01F5F17}"
EndProject
Project("{2150E333-8FDC-42A3-9474-1A3956D46DE8}") = "Shared", "Shared", "{198995B8-A14C-4890-BF05-10C65C1E790F}"
EndProject
Project("{FAE04EC0-301F-11D3-BF4B-00C04F79EFBC}") = "Common", "Shared\Common\Common.csproj", "{687A7181-BBAE-4AD0-BF8E-47EE00311938}"
EndProject
Project("{FAE04EC0-301F-11D3-BF4B-00C04F79EFBC}") = "Model", "Shared\Model\Model.csproj", "{682DDE9F-2868-4477-B159-9EB7D255D565}"
EndProject
Project("{FAE04EC0-301F-11D3-BF4B-00C04F79EFBC}") = "receiveCaasFileTest", "..\..\..\..\tests\CaasIntegrationTests\receiveCaasFileTest\receiveCaasFileTest.csproj", "{8DF1A047-4800-4668-877F-8AC8708AB238}"
EndProject
Project("{FAE04EC0-301F-11D3-BF4B-00C04F79EFBC}") = "processCaasFileTest", "..\..\..\..\tests\CaasIntegrationTests\processCaasFileTest\processCaasFileTest.csproj", "{EB66E913-21D4-491D-8674-9DD4B20CA820}"
EndProject
Project("{FAE04EC0-301F-11D3-BF4B-00C04F79EFBC}") = "Data", "Shared\Data\Data.csproj", "{ABA8CD5A-BEF7-4962-9C23-AE69F430CC1B}"
EndProject
Project("{FAE04EC0-301F-11D3-BF4B-00C04F79EFBC}") = "RemoveParticipant", "ParticipantManagementServices\RemoveParticipant\RemoveParticipant.csproj", "{40B97A2D-B75C-417B-90DB-4EE423250314}"
EndProject
Project("{FAE04EC0-301F-11D3-BF4B-00C04F79EFBC}") = "addParticipantTest", "..\..\..\..\tests\ParticipantManagementServicesTests\addParticipantTest\addParticipantTest.csproj", "{70B919BD-95C8-4789-B29E-07F6205CBF5C}"
EndProject
Project("{FAE04EC0-301F-11D3-BF4B-00C04F79EFBC}") = "updateParticipantTests", "..\..\..\..\tests\ParticipantManagementServicesTests\UpdateParticipantTests\updateParticipantTests.csproj", "{F607A020-CA9C-4E65-8237-1EB663807058}"
EndProject
Project("{FAE04EC0-301F-11D3-BF4B-00C04F79EFBC}") = "RemoveParticipantTests", "..\..\..\..\tests\ParticipantManagementServicesTests\RemoveParticipantTests\RemoveParticipantTests.csproj", "{D6EC5F88-1726-485B-AF84-9737293E7250}"
EndProject
Project("{2150E333-8FDC-42A3-9474-1A3956D46DE8}") = "screeningDataServicesTests", "screeningDataServicesTests", "{2BE7CEE7-58EF-4087-8D7C-B74CE7969A5C}"
EndProject
Project("{FAE04EC0-301F-11D3-BF4B-00C04F79EFBC}") = "DemographicDataService", "screeningDataServices\DemographicDataService\DemographicDataService.csproj", "{96AD14C8-67A1-4DC4-8593-F2D64F999223}"
EndProject
Project("{2150E333-8FDC-42A3-9474-1A3956D46DE8}") = "DemographicServices", "DemographicServices", "{8546F1DA-6055-4224-8A2B-36CDE94CBD07}"
EndProject
Project("{FAE04EC0-301F-11D3-BF4B-00C04F79EFBC}") = "DemographicDataManagementFunction", "DemographicServices\DemographicDataManagementFunction\DemographicDataManagementFunction.csproj", "{9A53EEBB-3DE4-41FD-8552-94F79E88D674}"
EndProject
Project("{2150E333-8FDC-42A3-9474-1A3956D46DE8}") = "ScreeningValidationService", "ScreeningValidationService", "{C1B3BF4F-54CA-4100-AA4E-EA91B17704B8}"
EndProject
Project("{FAE04EC0-301F-11D3-BF4B-00C04F79EFBC}") = "StaticValidation", "ScreeningValidationService\StaticValidation\StaticValidation.csproj", "{FE8338CF-3245-4B4E-BAA1-4643A6AB668E}"
EndProject
Project("{FAE04EC0-301F-11D3-BF4B-00C04F79EFBC}") = "FileValidation", "ScreeningValidationService\FileValidation\FileValidation.csproj", "{15E7492F-ACCE-4267-A52A-2ABF44690F64}"
EndProject
Project("{FAE04EC0-301F-11D3-BF4B-00C04F79EFBC}") = "DemographicDataServiceTests", "..\..\..\..\tests\screeningDataServicesTests\DemographicDataServiceTests\DemographicDataServiceTests.csproj", "{D3CF4C1D-9D0E-414E-8A3D-08291B891805}"
EndProject
Project("{FAE04EC0-301F-11D3-BF4B-00C04F79EFBC}") = "DemographicDataFunctionTests", "..\..\..\..\tests\DemographicServicesTests\DemographicDataFunctionTests\DemographicDataFunctionTests.csproj", "{A99A0090-6DDF-45D7-B387-025C986DF078}"
EndProject
Project("{2150E333-8FDC-42A3-9474-1A3956D46DE8}") = "ScreeningValidationServiceTests", "ScreeningValidationServiceTests", "{2E941CDF-4D51-4DB2-AEED-B4C44F9918CA}"
EndProject
Project("{FAE04EC0-301F-11D3-BF4B-00C04F79EFBC}") = "GetValidationExceptions", "screeningDataServices\GetValidationExceptions\GetValidationExceptions.csproj", "{B6719E71-5BBE-4F24-B728-EE92AC5C8E07}"
EndProject
Project("{FAE04EC0-301F-11D3-BF4B-00C04F79EFBC}") = "LookupValidation", "ScreeningValidationService\LookupValidation\LookupValidation.csproj", "{5AF185E2-6CDD-47E6-8B93-4624F0A8CA66}"
EndProject
Project("{FAE04EC0-301F-11D3-BF4B-00C04F79EFBC}") = "createParticipantTests", "..\..\..\..\tests\screeningDataServicesTests\createParticipantTests\createParticipantTests.csproj", "{F2388615-C86A-4C2B-8832-F837E68D3835}"
EndProject
Project("{FAE04EC0-301F-11D3-BF4B-00C04F79EFBC}") = "markParticipantAsEligibleTests", "..\..\..\..\tests\screeningDataServicesTests\markParticipantAsEligibleTests\markParticipantAsEligibleTests.csproj", "{313D64E3-8DF7-4A07-B60C-78A0DA380466}"
EndProject
Project("{FAE04EC0-301F-11D3-BF4B-00C04F79EFBC}") = "updateParticipantDetailsTests", "..\..\..\..\tests\screeningDataServicesTests\updateParticipantDetailsTests\updateParticipantDetailsTests.csproj", "{039F89A9-FD1D-483E-BD15-83008943FE96}"
EndProject
Project("{FAE04EC0-301F-11D3-BF4B-00C04F79EFBC}") = "FileValidationTests", "..\..\..\..\tests\ScreeningValidationServiceTests\FileValidation\FileValidationTests.csproj", "{E0A701BD-23C7-45C1-B969-E639B001C7E9}"
EndProject
Project("{FAE04EC0-301F-11D3-BF4B-00C04F79EFBC}") = "LookupValidationTests", "..\..\..\..\tests\ScreeningValidationServiceTests\LookupValidation\LookupValidationTests.csproj", "{79DF4237-68B8-4BA3-A9CC-298A96248CC1}"
EndProject
Project("{FAE04EC0-301F-11D3-BF4B-00C04F79EFBC}") = "StaticValidationTests", "..\..\..\..\tests\ScreeningValidationServiceTests\StaticValidation\StaticValidationTests.csproj", "{CD708F54-3DB5-4D70-ABED-8843E61EC1A6}"
EndProject
Project("{2150E333-8FDC-42A3-9474-1A3956D46DE8}") = "CohortDistributionServices", "CohortDistributionServices", "{F589D54E-8BFF-45BD-85A8-0C1FCF4F58F3}"
EndProject
Project("{FAE04EC0-301F-11D3-BF4B-00C04F79EFBC}") = "RetrieveCohortDistribution", "CohortDistributionServices\RetrieveCohortDistribution\RetrieveCohortDistribution.csproj", "{BD73440D-607E-4002-B7A1-14C0194B5230}"
EndProject
Project("{FAE04EC0-301F-11D3-BF4B-00C04F79EFBC}") = "AddCohortDistributionData", "CohortDistributionServices\AddCohortDistributionData\AddCohortDistributionData.csproj", "{02CB2B53-7670-47CC-93DF-6F941FB58C38}"
EndProject
Project("{FAE04EC0-301F-11D3-BF4B-00C04F79EFBC}") = "CohortDistributionDataTests", "..\..\..\..\tests\AddCohortDistributionDataTests\CohortDistributionDataTests\CohortDistributionDataTests.csproj", "{963347ED-E02D-42D2-8A9C-05115E8B75C9}"
EndProject
Project("{FAE04EC0-301F-11D3-BF4B-00C04F79EFBC}") = "RemoveCohortDistributionData", "CohortDistributionServices\RemoveCohortDistributionData\RemoveCohortDistributionData.csproj", "{D07AA2A7-1E9F-4168-849D-1F25AEAFD1F2}"
EndProject
Project("{FAE04EC0-301F-11D3-BF4B-00C04F79EFBC}") = "TransformDataService", "CohortDistributionServices\TransformDataService\TransformDataService.csproj", "{81BF10AD-AD08-4D47-8150-96FA09227107}"
EndProject
Project("{FAE04EC0-301F-11D3-BF4B-00C04F79EFBC}") = "TransformDataServiceTests", "..\..\..\..\tests\TransformDataServiceTests\TransformDataServiceTests.csproj", "{AA690015-629F-41A3-903C-7A65845691DC}"
EndProject
Project("{2150E333-8FDC-42A3-9474-1A3956D46DE8}") = "ServiceProviderAllocationService", "ServiceProviderAllocationService", "{3F601DD8-88C6-4715-BD32-548CC0D575E8}"
EndProject
Project("{FAE04EC0-301F-11D3-BF4B-00C04F79EFBC}") = "AllocateServiceProviderToParticipantByService", "CohortDistributionServices\ServiceProviderAllocationService\AllocateServiceProviderToParticipantByService\AllocateServiceProviderToParticipantByService.csproj", "{4650E40A-AD31-4474-A452-1D6A7F446DDC}"
EndProject
Project("{FAE04EC0-301F-11D3-BF4B-00C04F79EFBC}") = "AllocateServiceProviderToParticipantByServiceTest", "..\..\..\..\tests\CohortDistributionTests\ServiceProviderAllocationServiceTest\AllocateServiceProviderToParticipantByServiceTest\AllocateServiceProviderToParticipantByServiceTest.csproj", "{142C4501-749C-4ECC-8F9E-452F204D65DE}"
EndProject
Project("{FAE04EC0-301F-11D3-BF4B-00C04F79EFBC}") = "CreateException", "CreateException\CreateException.csproj", "{F694FC4E-A899-4466-B26F-B0E4C6E50F18}"
EndProject
Project("{FAE04EC0-301F-11D3-BF4B-00C04F79EFBC}") = "MarkParticipantAsIneligibleTests", "..\..\..\..\tests\screeningDataServicesTests\MarkParticipantAsIneligibleTests\MarkParticipantAsIneligibleTests.csproj", "{FBAE6E8E-C678-4F9A-A642-B7B8D985907A}"
EndProject
Global
	GlobalSection(SolutionConfigurationPlatforms) = preSolution
		Debug|Any CPU = Debug|Any CPU
		Release|Any CPU = Release|Any CPU
	EndGlobalSection
	GlobalSection(ProjectConfigurationPlatforms) = postSolution
		{A12A3C14-DA68-4E9F-A9BB-53FF587C0A51}.Debug|Any CPU.ActiveCfg = Debug|Any CPU
		{A12A3C14-DA68-4E9F-A9BB-53FF587C0A51}.Debug|Any CPU.Build.0 = Debug|Any CPU
		{A12A3C14-DA68-4E9F-A9BB-53FF587C0A51}.Release|Any CPU.ActiveCfg = Release|Any CPU
		{A12A3C14-DA68-4E9F-A9BB-53FF587C0A51}.Release|Any CPU.Build.0 = Release|Any CPU
		{323B466B-D2DB-4774-993A-61B2A66715E6}.Debug|Any CPU.ActiveCfg = Debug|Any CPU
		{323B466B-D2DB-4774-993A-61B2A66715E6}.Debug|Any CPU.Build.0 = Debug|Any CPU
		{323B466B-D2DB-4774-993A-61B2A66715E6}.Release|Any CPU.ActiveCfg = Release|Any CPU
		{323B466B-D2DB-4774-993A-61B2A66715E6}.Release|Any CPU.Build.0 = Release|Any CPU
		{AD400B3E-073B-4BBD-AF0F-EFAAF48A3E58}.Debug|Any CPU.ActiveCfg = Debug|Any CPU
		{AD400B3E-073B-4BBD-AF0F-EFAAF48A3E58}.Debug|Any CPU.Build.0 = Debug|Any CPU
		{AD400B3E-073B-4BBD-AF0F-EFAAF48A3E58}.Release|Any CPU.ActiveCfg = Release|Any CPU
		{AD400B3E-073B-4BBD-AF0F-EFAAF48A3E58}.Release|Any CPU.Build.0 = Release|Any CPU
		{A47CFB75-1972-4BFB-98A1-9933FD5E086F}.Debug|Any CPU.ActiveCfg = Debug|Any CPU
		{A47CFB75-1972-4BFB-98A1-9933FD5E086F}.Debug|Any CPU.Build.0 = Debug|Any CPU
		{A47CFB75-1972-4BFB-98A1-9933FD5E086F}.Release|Any CPU.ActiveCfg = Release|Any CPU
		{A47CFB75-1972-4BFB-98A1-9933FD5E086F}.Release|Any CPU.Build.0 = Release|Any CPU
		{11BE4A36-F6EC-422E-98F3-D27D4A7717B5}.Debug|Any CPU.ActiveCfg = Debug|Any CPU
		{11BE4A36-F6EC-422E-98F3-D27D4A7717B5}.Debug|Any CPU.Build.0 = Debug|Any CPU
		{11BE4A36-F6EC-422E-98F3-D27D4A7717B5}.Release|Any CPU.ActiveCfg = Release|Any CPU
		{11BE4A36-F6EC-422E-98F3-D27D4A7717B5}.Release|Any CPU.Build.0 = Release|Any CPU
		{AE6D7A1A-E034-470B-8AB5-793AFE4C9C51}.Debug|Any CPU.ActiveCfg = Debug|Any CPU
		{AE6D7A1A-E034-470B-8AB5-793AFE4C9C51}.Debug|Any CPU.Build.0 = Debug|Any CPU
		{AE6D7A1A-E034-470B-8AB5-793AFE4C9C51}.Release|Any CPU.ActiveCfg = Release|Any CPU
		{AE6D7A1A-E034-470B-8AB5-793AFE4C9C51}.Release|Any CPU.Build.0 = Release|Any CPU
		{7BFA62FE-3066-45C1-B675-2266A28D0F96}.Debug|Any CPU.ActiveCfg = Debug|Any CPU
		{7BFA62FE-3066-45C1-B675-2266A28D0F96}.Debug|Any CPU.Build.0 = Debug|Any CPU
		{7BFA62FE-3066-45C1-B675-2266A28D0F96}.Release|Any CPU.ActiveCfg = Release|Any CPU
		{7BFA62FE-3066-45C1-B675-2266A28D0F96}.Release|Any CPU.Build.0 = Release|Any CPU
		{9BDAC0A4-FDCA-40D6-927D-8E1DE01F5F17}.Debug|Any CPU.ActiveCfg = Debug|Any CPU
		{9BDAC0A4-FDCA-40D6-927D-8E1DE01F5F17}.Debug|Any CPU.Build.0 = Debug|Any CPU
		{9BDAC0A4-FDCA-40D6-927D-8E1DE01F5F17}.Release|Any CPU.ActiveCfg = Release|Any CPU
		{9BDAC0A4-FDCA-40D6-927D-8E1DE01F5F17}.Release|Any CPU.Build.0 = Release|Any CPU
		{687A7181-BBAE-4AD0-BF8E-47EE00311938}.Debug|Any CPU.ActiveCfg = Debug|Any CPU
		{687A7181-BBAE-4AD0-BF8E-47EE00311938}.Debug|Any CPU.Build.0 = Debug|Any CPU
		{687A7181-BBAE-4AD0-BF8E-47EE00311938}.Release|Any CPU.ActiveCfg = Release|Any CPU
		{687A7181-BBAE-4AD0-BF8E-47EE00311938}.Release|Any CPU.Build.0 = Release|Any CPU
		{682DDE9F-2868-4477-B159-9EB7D255D565}.Debug|Any CPU.ActiveCfg = Debug|Any CPU
		{682DDE9F-2868-4477-B159-9EB7D255D565}.Debug|Any CPU.Build.0 = Debug|Any CPU
		{682DDE9F-2868-4477-B159-9EB7D255D565}.Release|Any CPU.ActiveCfg = Release|Any CPU
		{682DDE9F-2868-4477-B159-9EB7D255D565}.Release|Any CPU.Build.0 = Release|Any CPU
		{8DF1A047-4800-4668-877F-8AC8708AB238}.Debug|Any CPU.ActiveCfg = Debug|Any CPU
		{8DF1A047-4800-4668-877F-8AC8708AB238}.Debug|Any CPU.Build.0 = Debug|Any CPU
		{8DF1A047-4800-4668-877F-8AC8708AB238}.Release|Any CPU.ActiveCfg = Release|Any CPU
		{8DF1A047-4800-4668-877F-8AC8708AB238}.Release|Any CPU.Build.0 = Release|Any CPU
		{EB66E913-21D4-491D-8674-9DD4B20CA820}.Debug|Any CPU.ActiveCfg = Debug|Any CPU
		{EB66E913-21D4-491D-8674-9DD4B20CA820}.Debug|Any CPU.Build.0 = Debug|Any CPU
		{EB66E913-21D4-491D-8674-9DD4B20CA820}.Release|Any CPU.ActiveCfg = Release|Any CPU
		{EB66E913-21D4-491D-8674-9DD4B20CA820}.Release|Any CPU.Build.0 = Release|Any CPU
		{ABA8CD5A-BEF7-4962-9C23-AE69F430CC1B}.Debug|Any CPU.ActiveCfg = Debug|Any CPU
		{ABA8CD5A-BEF7-4962-9C23-AE69F430CC1B}.Debug|Any CPU.Build.0 = Debug|Any CPU
		{ABA8CD5A-BEF7-4962-9C23-AE69F430CC1B}.Release|Any CPU.ActiveCfg = Release|Any CPU
		{ABA8CD5A-BEF7-4962-9C23-AE69F430CC1B}.Release|Any CPU.Build.0 = Release|Any CPU
		{40B97A2D-B75C-417B-90DB-4EE423250314}.Debug|Any CPU.ActiveCfg = Debug|Any CPU
		{40B97A2D-B75C-417B-90DB-4EE423250314}.Debug|Any CPU.Build.0 = Debug|Any CPU
		{40B97A2D-B75C-417B-90DB-4EE423250314}.Release|Any CPU.ActiveCfg = Release|Any CPU
		{40B97A2D-B75C-417B-90DB-4EE423250314}.Release|Any CPU.Build.0 = Release|Any CPU
		{70B919BD-95C8-4789-B29E-07F6205CBF5C}.Debug|Any CPU.ActiveCfg = Debug|Any CPU
		{70B919BD-95C8-4789-B29E-07F6205CBF5C}.Debug|Any CPU.Build.0 = Debug|Any CPU
		{70B919BD-95C8-4789-B29E-07F6205CBF5C}.Release|Any CPU.ActiveCfg = Release|Any CPU
		{70B919BD-95C8-4789-B29E-07F6205CBF5C}.Release|Any CPU.Build.0 = Release|Any CPU
		{F607A020-CA9C-4E65-8237-1EB663807058}.Debug|Any CPU.ActiveCfg = Debug|Any CPU
		{F607A020-CA9C-4E65-8237-1EB663807058}.Debug|Any CPU.Build.0 = Debug|Any CPU
		{F607A020-CA9C-4E65-8237-1EB663807058}.Release|Any CPU.ActiveCfg = Release|Any CPU
		{F607A020-CA9C-4E65-8237-1EB663807058}.Release|Any CPU.Build.0 = Release|Any CPU
		{D6EC5F88-1726-485B-AF84-9737293E7250}.Debug|Any CPU.ActiveCfg = Debug|Any CPU
		{D6EC5F88-1726-485B-AF84-9737293E7250}.Debug|Any CPU.Build.0 = Debug|Any CPU
		{D6EC5F88-1726-485B-AF84-9737293E7250}.Release|Any CPU.ActiveCfg = Release|Any CPU
		{D6EC5F88-1726-485B-AF84-9737293E7250}.Release|Any CPU.Build.0 = Release|Any CPU
		{96AD14C8-67A1-4DC4-8593-F2D64F999223}.Debug|Any CPU.ActiveCfg = Debug|Any CPU
		{96AD14C8-67A1-4DC4-8593-F2D64F999223}.Debug|Any CPU.Build.0 = Debug|Any CPU
		{96AD14C8-67A1-4DC4-8593-F2D64F999223}.Release|Any CPU.ActiveCfg = Release|Any CPU
		{96AD14C8-67A1-4DC4-8593-F2D64F999223}.Release|Any CPU.Build.0 = Release|Any CPU
		{9A53EEBB-3DE4-41FD-8552-94F79E88D674}.Debug|Any CPU.ActiveCfg = Debug|Any CPU
		{9A53EEBB-3DE4-41FD-8552-94F79E88D674}.Debug|Any CPU.Build.0 = Debug|Any CPU
		{9A53EEBB-3DE4-41FD-8552-94F79E88D674}.Release|Any CPU.ActiveCfg = Release|Any CPU
		{9A53EEBB-3DE4-41FD-8552-94F79E88D674}.Release|Any CPU.Build.0 = Release|Any CPU
		{FE8338CF-3245-4B4E-BAA1-4643A6AB668E}.Debug|Any CPU.ActiveCfg = Debug|Any CPU
		{FE8338CF-3245-4B4E-BAA1-4643A6AB668E}.Debug|Any CPU.Build.0 = Debug|Any CPU
		{FE8338CF-3245-4B4E-BAA1-4643A6AB668E}.Release|Any CPU.ActiveCfg = Release|Any CPU
		{FE8338CF-3245-4B4E-BAA1-4643A6AB668E}.Release|Any CPU.Build.0 = Release|Any CPU
		{15E7492F-ACCE-4267-A52A-2ABF44690F64}.Debug|Any CPU.ActiveCfg = Debug|Any CPU
		{15E7492F-ACCE-4267-A52A-2ABF44690F64}.Debug|Any CPU.Build.0 = Debug|Any CPU
		{15E7492F-ACCE-4267-A52A-2ABF44690F64}.Release|Any CPU.ActiveCfg = Release|Any CPU
		{15E7492F-ACCE-4267-A52A-2ABF44690F64}.Release|Any CPU.Build.0 = Release|Any CPU
		{D3CF4C1D-9D0E-414E-8A3D-08291B891805}.Debug|Any CPU.ActiveCfg = Debug|Any CPU
		{D3CF4C1D-9D0E-414E-8A3D-08291B891805}.Debug|Any CPU.Build.0 = Debug|Any CPU
		{D3CF4C1D-9D0E-414E-8A3D-08291B891805}.Release|Any CPU.ActiveCfg = Release|Any CPU
		{D3CF4C1D-9D0E-414E-8A3D-08291B891805}.Release|Any CPU.Build.0 = Release|Any CPU
		{A99A0090-6DDF-45D7-B387-025C986DF078}.Debug|Any CPU.ActiveCfg = Debug|Any CPU
		{A99A0090-6DDF-45D7-B387-025C986DF078}.Debug|Any CPU.Build.0 = Debug|Any CPU
		{A99A0090-6DDF-45D7-B387-025C986DF078}.Release|Any CPU.ActiveCfg = Release|Any CPU
		{A99A0090-6DDF-45D7-B387-025C986DF078}.Release|Any CPU.Build.0 = Release|Any CPU
		{B6719E71-5BBE-4F24-B728-EE92AC5C8E07}.Debug|Any CPU.ActiveCfg = Debug|Any CPU
		{B6719E71-5BBE-4F24-B728-EE92AC5C8E07}.Debug|Any CPU.Build.0 = Debug|Any CPU
		{B6719E71-5BBE-4F24-B728-EE92AC5C8E07}.Release|Any CPU.ActiveCfg = Release|Any CPU
		{B6719E71-5BBE-4F24-B728-EE92AC5C8E07}.Release|Any CPU.Build.0 = Release|Any CPU
		{5AF185E2-6CDD-47E6-8B93-4624F0A8CA66}.Debug|Any CPU.ActiveCfg = Debug|Any CPU
		{5AF185E2-6CDD-47E6-8B93-4624F0A8CA66}.Debug|Any CPU.Build.0 = Debug|Any CPU
		{5AF185E2-6CDD-47E6-8B93-4624F0A8CA66}.Release|Any CPU.ActiveCfg = Release|Any CPU
		{5AF185E2-6CDD-47E6-8B93-4624F0A8CA66}.Release|Any CPU.Build.0 = Release|Any CPU
		{F2388615-C86A-4C2B-8832-F837E68D3835}.Debug|Any CPU.ActiveCfg = Debug|Any CPU
		{F2388615-C86A-4C2B-8832-F837E68D3835}.Debug|Any CPU.Build.0 = Debug|Any CPU
		{F2388615-C86A-4C2B-8832-F837E68D3835}.Release|Any CPU.ActiveCfg = Release|Any CPU
		{F2388615-C86A-4C2B-8832-F837E68D3835}.Release|Any CPU.Build.0 = Release|Any CPU
		{313D64E3-8DF7-4A07-B60C-78A0DA380466}.Debug|Any CPU.ActiveCfg = Debug|Any CPU
		{313D64E3-8DF7-4A07-B60C-78A0DA380466}.Debug|Any CPU.Build.0 = Debug|Any CPU
		{313D64E3-8DF7-4A07-B60C-78A0DA380466}.Release|Any CPU.ActiveCfg = Release|Any CPU
		{313D64E3-8DF7-4A07-B60C-78A0DA380466}.Release|Any CPU.Build.0 = Release|Any CPU
		{039F89A9-FD1D-483E-BD15-83008943FE96}.Debug|Any CPU.ActiveCfg = Debug|Any CPU
		{039F89A9-FD1D-483E-BD15-83008943FE96}.Debug|Any CPU.Build.0 = Debug|Any CPU
		{039F89A9-FD1D-483E-BD15-83008943FE96}.Release|Any CPU.ActiveCfg = Release|Any CPU
		{039F89A9-FD1D-483E-BD15-83008943FE96}.Release|Any CPU.Build.0 = Release|Any CPU
		{E0A701BD-23C7-45C1-B969-E639B001C7E9}.Debug|Any CPU.ActiveCfg = Debug|Any CPU
		{E0A701BD-23C7-45C1-B969-E639B001C7E9}.Debug|Any CPU.Build.0 = Debug|Any CPU
		{E0A701BD-23C7-45C1-B969-E639B001C7E9}.Release|Any CPU.ActiveCfg = Release|Any CPU
		{E0A701BD-23C7-45C1-B969-E639B001C7E9}.Release|Any CPU.Build.0 = Release|Any CPU
		{79DF4237-68B8-4BA3-A9CC-298A96248CC1}.Debug|Any CPU.ActiveCfg = Debug|Any CPU
		{79DF4237-68B8-4BA3-A9CC-298A96248CC1}.Debug|Any CPU.Build.0 = Debug|Any CPU
		{79DF4237-68B8-4BA3-A9CC-298A96248CC1}.Release|Any CPU.ActiveCfg = Release|Any CPU
		{79DF4237-68B8-4BA3-A9CC-298A96248CC1}.Release|Any CPU.Build.0 = Release|Any CPU
		{CD708F54-3DB5-4D70-ABED-8843E61EC1A6}.Debug|Any CPU.ActiveCfg = Debug|Any CPU
		{CD708F54-3DB5-4D70-ABED-8843E61EC1A6}.Debug|Any CPU.Build.0 = Debug|Any CPU
		{CD708F54-3DB5-4D70-ABED-8843E61EC1A6}.Release|Any CPU.ActiveCfg = Release|Any CPU
		{CD708F54-3DB5-4D70-ABED-8843E61EC1A6}.Release|Any CPU.Build.0 = Release|Any CPU
		{BD73440D-607E-4002-B7A1-14C0194B5230}.Debug|Any CPU.ActiveCfg = Debug|Any CPU
		{BD73440D-607E-4002-B7A1-14C0194B5230}.Debug|Any CPU.Build.0 = Debug|Any CPU
		{BD73440D-607E-4002-B7A1-14C0194B5230}.Release|Any CPU.ActiveCfg = Release|Any CPU
		{BD73440D-607E-4002-B7A1-14C0194B5230}.Release|Any CPU.Build.0 = Release|Any CPU
		{02CB2B53-7670-47CC-93DF-6F941FB58C38}.Debug|Any CPU.ActiveCfg = Debug|Any CPU
		{02CB2B53-7670-47CC-93DF-6F941FB58C38}.Debug|Any CPU.Build.0 = Debug|Any CPU
		{02CB2B53-7670-47CC-93DF-6F941FB58C38}.Release|Any CPU.ActiveCfg = Release|Any CPU
		{02CB2B53-7670-47CC-93DF-6F941FB58C38}.Release|Any CPU.Build.0 = Release|Any CPU
		{963347ED-E02D-42D2-8A9C-05115E8B75C9}.Debug|Any CPU.ActiveCfg = Debug|Any CPU
		{963347ED-E02D-42D2-8A9C-05115E8B75C9}.Debug|Any CPU.Build.0 = Debug|Any CPU
		{963347ED-E02D-42D2-8A9C-05115E8B75C9}.Release|Any CPU.ActiveCfg = Release|Any CPU
		{963347ED-E02D-42D2-8A9C-05115E8B75C9}.Release|Any CPU.Build.0 = Release|Any CPU
		{D07AA2A7-1E9F-4168-849D-1F25AEAFD1F2}.Debug|Any CPU.ActiveCfg = Debug|Any CPU
		{D07AA2A7-1E9F-4168-849D-1F25AEAFD1F2}.Debug|Any CPU.Build.0 = Debug|Any CPU
		{D07AA2A7-1E9F-4168-849D-1F25AEAFD1F2}.Release|Any CPU.ActiveCfg = Release|Any CPU
		{D07AA2A7-1E9F-4168-849D-1F25AEAFD1F2}.Release|Any CPU.Build.0 = Release|Any CPU
		{81BF10AD-AD08-4D47-8150-96FA09227107}.Debug|Any CPU.ActiveCfg = Debug|Any CPU
		{81BF10AD-AD08-4D47-8150-96FA09227107}.Debug|Any CPU.Build.0 = Debug|Any CPU
		{81BF10AD-AD08-4D47-8150-96FA09227107}.Release|Any CPU.ActiveCfg = Release|Any CPU
		{81BF10AD-AD08-4D47-8150-96FA09227107}.Release|Any CPU.Build.0 = Release|Any CPU
		{AA690015-629F-41A3-903C-7A65845691DC}.Debug|Any CPU.ActiveCfg = Debug|Any CPU
		{AA690015-629F-41A3-903C-7A65845691DC}.Debug|Any CPU.Build.0 = Debug|Any CPU
		{AA690015-629F-41A3-903C-7A65845691DC}.Release|Any CPU.ActiveCfg = Release|Any CPU
		{AA690015-629F-41A3-903C-7A65845691DC}.Release|Any CPU.Build.0 = Release|Any CPU
		{4650E40A-AD31-4474-A452-1D6A7F446DDC}.Debug|Any CPU.ActiveCfg = Debug|Any CPU
		{4650E40A-AD31-4474-A452-1D6A7F446DDC}.Debug|Any CPU.Build.0 = Debug|Any CPU
		{4650E40A-AD31-4474-A452-1D6A7F446DDC}.Release|Any CPU.ActiveCfg = Release|Any CPU
		{4650E40A-AD31-4474-A452-1D6A7F446DDC}.Release|Any CPU.Build.0 = Release|Any CPU
		{142C4501-749C-4ECC-8F9E-452F204D65DE}.Debug|Any CPU.ActiveCfg = Debug|Any CPU
		{142C4501-749C-4ECC-8F9E-452F204D65DE}.Debug|Any CPU.Build.0 = Debug|Any CPU
		{142C4501-749C-4ECC-8F9E-452F204D65DE}.Release|Any CPU.ActiveCfg = Release|Any CPU
		{142C4501-749C-4ECC-8F9E-452F204D65DE}.Release|Any CPU.Build.0 = Release|Any CPU
		{F694FC4E-A899-4466-B26F-B0E4C6E50F18}.Debug|Any CPU.ActiveCfg = Debug|Any CPU
		{F694FC4E-A899-4466-B26F-B0E4C6E50F18}.Debug|Any CPU.Build.0 = Debug|Any CPU
		{F694FC4E-A899-4466-B26F-B0E4C6E50F18}.Release|Any CPU.ActiveCfg = Release|Any CPU
		{F694FC4E-A899-4466-B26F-B0E4C6E50F18}.Release|Any CPU.Build.0 = Release|Any CPU
		{FBAE6E8E-C678-4F9A-A642-B7B8D985907A}.Debug|Any CPU.ActiveCfg = Debug|Any CPU
		{FBAE6E8E-C678-4F9A-A642-B7B8D985907A}.Debug|Any CPU.Build.0 = Debug|Any CPU
		{FBAE6E8E-C678-4F9A-A642-B7B8D985907A}.Release|Any CPU.ActiveCfg = Release|Any CPU
		{FBAE6E8E-C678-4F9A-A642-B7B8D985907A}.Release|Any CPU.Build.0 = Release|Any CPU
	EndGlobalSection
	GlobalSection(SolutionProperties) = preSolution
		HideSolutionNode = FALSE
	EndGlobalSection
	GlobalSection(NestedProjects) = preSolution
		{A12A3C14-DA68-4E9F-A9BB-53FF587C0A51} = {3A61DBD3-B2D4-45D7-9CB6-9BC4C9586467}
		{323B466B-D2DB-4774-993A-61B2A66715E6} = {3A61DBD3-B2D4-45D7-9CB6-9BC4C9586467}
		{AD400B3E-073B-4BBD-AF0F-EFAAF48A3E58} = {3A61DBD3-B2D4-45D7-9CB6-9BC4C9586467}
		{A47CFB75-1972-4BFB-98A1-9933FD5E086F} = {E1ADFCCC-1FF7-40E6-8D82-301F3FA909A7}
		{11BE4A36-F6EC-422E-98F3-D27D4A7717B5} = {937A8411-5A71-43D8-906A-35614DEFD201}
		{AE6D7A1A-E034-470B-8AB5-793AFE4C9C51} = {937A8411-5A71-43D8-906A-35614DEFD201}
		{7BFA62FE-3066-45C1-B675-2266A28D0F96} = {E1ADFCCC-1FF7-40E6-8D82-301F3FA909A7}
		{9BDAC0A4-FDCA-40D6-927D-8E1DE01F5F17} = {3A61DBD3-B2D4-45D7-9CB6-9BC4C9586467}
		{687A7181-BBAE-4AD0-BF8E-47EE00311938} = {198995B8-A14C-4890-BF05-10C65C1E790F}
		{682DDE9F-2868-4477-B159-9EB7D255D565} = {198995B8-A14C-4890-BF05-10C65C1E790F}
		{ABA8CD5A-BEF7-4962-9C23-AE69F430CC1B} = {198995B8-A14C-4890-BF05-10C65C1E790F}
		{40B97A2D-B75C-417B-90DB-4EE423250314} = {E1ADFCCC-1FF7-40E6-8D82-301F3FA909A7}
		{96AD14C8-67A1-4DC4-8593-F2D64F999223} = {3A61DBD3-B2D4-45D7-9CB6-9BC4C9586467}
		{9A53EEBB-3DE4-41FD-8552-94F79E88D674} = {8546F1DA-6055-4224-8A2B-36CDE94CBD07}
		{FE8338CF-3245-4B4E-BAA1-4643A6AB668E} = {C1B3BF4F-54CA-4100-AA4E-EA91B17704B8}
		{15E7492F-ACCE-4267-A52A-2ABF44690F64} = {C1B3BF4F-54CA-4100-AA4E-EA91B17704B8}
		{B6719E71-5BBE-4F24-B728-EE92AC5C8E07} = {3A61DBD3-B2D4-45D7-9CB6-9BC4C9586467}
		{5AF185E2-6CDD-47E6-8B93-4624F0A8CA66} = {C1B3BF4F-54CA-4100-AA4E-EA91B17704B8}
		{F2388615-C86A-4C2B-8832-F837E68D3835} = {2BE7CEE7-58EF-4087-8D7C-B74CE7969A5C}
		{313D64E3-8DF7-4A07-B60C-78A0DA380466} = {2BE7CEE7-58EF-4087-8D7C-B74CE7969A5C}
		{039F89A9-FD1D-483E-BD15-83008943FE96} = {2BE7CEE7-58EF-4087-8D7C-B74CE7969A5C}
		{E0A701BD-23C7-45C1-B969-E639B001C7E9} = {2E941CDF-4D51-4DB2-AEED-B4C44F9918CA}
		{79DF4237-68B8-4BA3-A9CC-298A96248CC1} = {2E941CDF-4D51-4DB2-AEED-B4C44F9918CA}
		{CD708F54-3DB5-4D70-ABED-8843E61EC1A6} = {2E941CDF-4D51-4DB2-AEED-B4C44F9918CA}
		{BD73440D-607E-4002-B7A1-14C0194B5230} = {F589D54E-8BFF-45BD-85A8-0C1FCF4F58F3}
		{02CB2B53-7670-47CC-93DF-6F941FB58C38} = {F589D54E-8BFF-45BD-85A8-0C1FCF4F58F3}
		{D07AA2A7-1E9F-4168-849D-1F25AEAFD1F2} = {F589D54E-8BFF-45BD-85A8-0C1FCF4F58F3}
		{81BF10AD-AD08-4D47-8150-96FA09227107} = {F589D54E-8BFF-45BD-85A8-0C1FCF4F58F3}
		{3F601DD8-88C6-4715-BD32-548CC0D575E8} = {F589D54E-8BFF-45BD-85A8-0C1FCF4F58F3}
		{4650E40A-AD31-4474-A452-1D6A7F446DDC} = {3F601DD8-88C6-4715-BD32-548CC0D575E8}
	EndGlobalSection
	GlobalSection(ExtensibilityGlobals) = postSolution
		SolutionGuid = {6EACF2AC-4BC4-46CE-B6EB-1556257C4C21}
	EndGlobalSection
EndGlobal
