Microsoft Visual Studio Solution File, Format Version 12.00
# Visual Studio Version 17
VisualStudioVersion = 17.0.31825.309
MinimumVisualStudioVersion = 10.0.40219.1
Project("{2150E333-8FDC-42A3-9474-1A3956D46DE8}") = "CaasIntegration", "CaasIntegration", "{937A8411-5A71-43D8-906A-35614DEFD201}"
EndProject
Project("{2150E333-8FDC-42A3-9474-1A3956D46DE8}") = "ScreeningDataServices", "ScreeningDataServices", "{3A61DBD3-B2D4-45D7-9CB6-9BC4C9586467}"
EndProject
Project("{FAE04EC0-301F-11D3-BF4B-00C04F79EFBC}") = "markParticipantAsEligible", "screeningDataServices\markParticipantAsEligible\markParticipantAsEligible.csproj", "{A12A3C14-DA68-4E9F-A9BB-53FF587C0A51}"
EndProject
Project("{FAE04EC0-301F-11D3-BF4B-00C04F79EFBC}") = "markParticipantAsIneligible", "screeningDataServices\markParticipantAsIneligible\markParticipantAsIneligible.csproj", "{323B466B-D2DB-4774-993A-61B2A66715E6}"
EndProject
Project("{FAE04EC0-301F-11D3-BF4B-00C04F79EFBC}") = "CreateParticipant", "screeningDataServices\createParticipant\CreateParticipant.csproj", "{AD400B3E-073B-4BBD-AF0F-EFAAF48A3E58}"
EndProject
Project("{2150E333-8FDC-42A3-9474-1A3956D46DE8}") = "ParticipantManagementServices", "ParticipantManagementServices", "{E1ADFCCC-1FF7-40E6-8D82-301F3FA909A7}"
EndProject
Project("{FAE04EC0-301F-11D3-BF4B-00C04F79EFBC}") = "addParticipant", "ParticipantManagementServices\addParticipant\addParticipant.csproj", "{A47CFB75-1972-4BFB-98A1-9933FD5E086F}"
EndProject
Project("{FAE04EC0-301F-11D3-BF4B-00C04F79EFBC}") = "UpdateEligibility", "ParticipantManagementServices\UpdateEligibility\UpdateEligibility.csproj", "{BE10A415-5474-4393-A5E4-2743C905C422}"
EndProject
Project("{FAE04EC0-301F-11D3-BF4B-00C04F79EFBC}") = "processCaasFile", "CaasIntegration\processCaasFile\processCaasFile.csproj", "{11BE4A36-F6EC-422E-98F3-D27D4A7717B5}"
EndProject
Project("{FAE04EC0-301F-11D3-BF4B-00C04F79EFBC}") = "receiveCaasFile", "CaasIntegration\receiveCaasFile\receiveCaasFile.csproj", "{AE6D7A1A-E034-470B-8AB5-793AFE4C9C51}"
EndProject
Project("{FAE04EC0-301F-11D3-BF4B-00C04F79EFBC}") = "updateParticipant", "ParticipantManagementServices\updateParticipant\updateParticipant.csproj", "{7BFA62FE-3066-45C1-B675-2266A28D0F96}"
EndProject
Project("{FAE04EC0-301F-11D3-BF4B-00C04F79EFBC}") = "updateParticipantDetails", "screeningDataServices\updateParticipantDetails\updateParticipantDetails.csproj", "{9BDAC0A4-FDCA-40D6-927D-8E1DE01F5F17}"
EndProject
Project("{2150E333-8FDC-42A3-9474-1A3956D46DE8}") = "Shared", "Shared", "{198995B8-A14C-4890-BF05-10C65C1E790F}"
EndProject
Project("{FAE04EC0-301F-11D3-BF4B-00C04F79EFBC}") = "Common", "Shared\Common\Common.csproj", "{687A7181-BBAE-4AD0-BF8E-47EE00311938}"
EndProject
Project("{FAE04EC0-301F-11D3-BF4B-00C04F79EFBC}") = "Model", "Shared\Model\Model.csproj", "{682DDE9F-2868-4477-B159-9EB7D255D565}"
EndProject
Project("{FAE04EC0-301F-11D3-BF4B-00C04F79EFBC}") = "receiveCaasFileTest", "..\..\..\..\tests\CaasIntegrationTests\receiveCaasFileTest\receiveCaasFileTest.csproj", "{8DF1A047-4800-4668-877F-8AC8708AB238}"
EndProject
Project("{FAE04EC0-301F-11D3-BF4B-00C04F79EFBC}") = "processCaasFileTest", "..\..\..\..\tests\CaasIntegrationTests\processCaasFileTest\processCaasFileTest.csproj", "{EB66E913-21D4-491D-8674-9DD4B20CA820}"
EndProject
Project("{FAE04EC0-301F-11D3-BF4B-00C04F79EFBC}") = "Data", "Shared\Data\Data.csproj", "{ABA8CD5A-BEF7-4962-9C23-AE69F430CC1B}"
EndProject
Project("{FAE04EC0-301F-11D3-BF4B-00C04F79EFBC}") = "RemoveParticipant", "ParticipantManagementServices\RemoveParticipant\RemoveParticipant.csproj", "{40B97A2D-B75C-417B-90DB-4EE423250314}"
EndProject
Project("{FAE04EC0-301F-11D3-BF4B-00C04F79EFBC}") = "addParticipantTest", "..\..\..\..\tests\ParticipantManagementServicesTests\addParticipantTest\addParticipantTest.csproj", "{70B919BD-95C8-4789-B29E-07F6205CBF5C}"
EndProject
Project("{FAE04EC0-301F-11D3-BF4B-00C04F79EFBC}") = "updateParticipantTests", "..\..\..\..\tests\ParticipantManagementServicesTests\UpdateParticipantTests\updateParticipantTests.csproj", "{F607A020-CA9C-4E65-8237-1EB663807058}"
EndProject
Project("{FAE04EC0-301F-11D3-BF4B-00C04F79EFBC}") = "RemoveParticipantTests", "..\..\..\..\tests\ParticipantManagementServicesTests\RemoveParticipantTests\RemoveParticipantTests.csproj", "{D6EC5F88-1726-485B-AF84-9737293E7250}"
EndProject
Project("{FAE04EC0-301F-11D3-BF4B-00C04F79EFBC}") = "screeningDataServicesTests", "..\..\..\..\tests\screeningDataServicesTests\screeningDataServicesTests.csproj", "{3300BE0C-A811-47CA-80AB-8917CDE0D946}"
EndProject
Project("{FAE04EC0-301F-11D3-BF4B-00C04F79EFBC}") = "updateEligibilityTests", "..\..\..\..\tests\ParticipantManagementServicesTests\updateEligibilityTests\updateEligibilityTests.csproj", "{7CC233E4-25CE-4493-88E1-8B580685C434}"
EndProject
Project("{2150E333-8FDC-42A3-9474-1A3956D46DE8}") = "ScreeningValidationService", "ScreeningValidationService", "{C5B90A38-4C45-4FC5-BC56-2B205B7744AB}"
EndProject
Project("{FAE04EC0-301F-11D3-BF4B-00C04F79EFBC}") = "ExceptionDataService", "screeningDataServices\ExceptionDataService\GetValidationExceptions.csproj", "{E2F3C6A1-E11A-4BF5-BF27-54D777F81046}"
EndProject
Project("{FAE04EC0-301F-11D3-BF4B-00C04F79EFBC}") = "LookupValidation", "ScreeningValidationService\LookupValidation\LookupValidation.csproj", "{331AE6E1-3D5D-4E65-994C-6E7B749B980C}"
EndProject
Project("{FAE04EC0-301F-11D3-BF4B-00C04F79EFBC}") = "ScreeningValidationServiceTests", "..\..\..\..\tests\ScreeningValidationServiceTests\ScreeningValidationServiceTests.csproj", "{D4D5D8D2-B2CE-47A1-93A8-D6CA34A546B9}"
EndProject
Project("{FAE04EC0-301F-11D3-BF4B-00C04F79EFBC}") = "StaticValidation", "ScreeningValidationService\StaticValidation\StaticValidation.csproj", "{49A19066-0EF8-4E40-B323-C5D6CA37F37F}"
EndProject
Project("{FAE04EC0-301F-11D3-BF4B-00C04F79EFBC}") = "FileValidation", "ScreeningValidationService\FileValidation\FileValidation.csproj", "{E8BB1635-8706-4D05-977B-DC6EEB113C92}"
EndProject
Global
	GlobalSection(SolutionConfigurationPlatforms) = preSolution
		Debug|Any CPU = Debug|Any CPU
		Release|Any CPU = Release|Any CPU
	EndGlobalSection
	GlobalSection(ProjectConfigurationPlatforms) = postSolution
		{A12A3C14-DA68-4E9F-A9BB-53FF587C0A51}.Debug|Any CPU.ActiveCfg = Debug|Any CPU
		{A12A3C14-DA68-4E9F-A9BB-53FF587C0A51}.Debug|Any CPU.Build.0 = Debug|Any CPU
		{A12A3C14-DA68-4E9F-A9BB-53FF587C0A51}.Release|Any CPU.ActiveCfg = Release|Any CPU
		{A12A3C14-DA68-4E9F-A9BB-53FF587C0A51}.Release|Any CPU.Build.0 = Release|Any CPU
		{323B466B-D2DB-4774-993A-61B2A66715E6}.Debug|Any CPU.ActiveCfg = Debug|Any CPU
		{323B466B-D2DB-4774-993A-61B2A66715E6}.Debug|Any CPU.Build.0 = Debug|Any CPU
		{323B466B-D2DB-4774-993A-61B2A66715E6}.Release|Any CPU.ActiveCfg = Release|Any CPU
		{323B466B-D2DB-4774-993A-61B2A66715E6}.Release|Any CPU.Build.0 = Release|Any CPU
		{AD400B3E-073B-4BBD-AF0F-EFAAF48A3E58}.Debug|Any CPU.ActiveCfg = Debug|Any CPU
		{AD400B3E-073B-4BBD-AF0F-EFAAF48A3E58}.Debug|Any CPU.Build.0 = Debug|Any CPU
		{AD400B3E-073B-4BBD-AF0F-EFAAF48A3E58}.Release|Any CPU.ActiveCfg = Release|Any CPU
		{AD400B3E-073B-4BBD-AF0F-EFAAF48A3E58}.Release|Any CPU.Build.0 = Release|Any CPU
		{A47CFB75-1972-4BFB-98A1-9933FD5E086F}.Debug|Any CPU.ActiveCfg = Debug|Any CPU
		{A47CFB75-1972-4BFB-98A1-9933FD5E086F}.Debug|Any CPU.Build.0 = Debug|Any CPU
		{A47CFB75-1972-4BFB-98A1-9933FD5E086F}.Release|Any CPU.ActiveCfg = Release|Any CPU
		{A47CFB75-1972-4BFB-98A1-9933FD5E086F}.Release|Any CPU.Build.0 = Release|Any CPU
		{BE10A415-5474-4393-A5E4-2743C905C422}.Debug|Any CPU.ActiveCfg = Debug|Any CPU
		{BE10A415-5474-4393-A5E4-2743C905C422}.Debug|Any CPU.Build.0 = Debug|Any CPU
		{BE10A415-5474-4393-A5E4-2743C905C422}.Release|Any CPU.ActiveCfg = Release|Any CPU
		{BE10A415-5474-4393-A5E4-2743C905C422}.Release|Any CPU.Build.0 = Release|Any CPU
		{11BE4A36-F6EC-422E-98F3-D27D4A7717B5}.Debug|Any CPU.ActiveCfg = Debug|Any CPU
		{11BE4A36-F6EC-422E-98F3-D27D4A7717B5}.Debug|Any CPU.Build.0 = Debug|Any CPU
		{11BE4A36-F6EC-422E-98F3-D27D4A7717B5}.Release|Any CPU.ActiveCfg = Release|Any CPU
		{11BE4A36-F6EC-422E-98F3-D27D4A7717B5}.Release|Any CPU.Build.0 = Release|Any CPU
		{AE6D7A1A-E034-470B-8AB5-793AFE4C9C51}.Debug|Any CPU.ActiveCfg = Debug|Any CPU
		{AE6D7A1A-E034-470B-8AB5-793AFE4C9C51}.Debug|Any CPU.Build.0 = Debug|Any CPU
		{AE6D7A1A-E034-470B-8AB5-793AFE4C9C51}.Release|Any CPU.ActiveCfg = Release|Any CPU
		{AE6D7A1A-E034-470B-8AB5-793AFE4C9C51}.Release|Any CPU.Build.0 = Release|Any CPU
		{7BFA62FE-3066-45C1-B675-2266A28D0F96}.Debug|Any CPU.ActiveCfg = Debug|Any CPU
		{7BFA62FE-3066-45C1-B675-2266A28D0F96}.Debug|Any CPU.Build.0 = Debug|Any CPU
		{7BFA62FE-3066-45C1-B675-2266A28D0F96}.Release|Any CPU.ActiveCfg = Release|Any CPU
		{7BFA62FE-3066-45C1-B675-2266A28D0F96}.Release|Any CPU.Build.0 = Release|Any CPU
		{9BDAC0A4-FDCA-40D6-927D-8E1DE01F5F17}.Debug|Any CPU.ActiveCfg = Debug|Any CPU
		{9BDAC0A4-FDCA-40D6-927D-8E1DE01F5F17}.Debug|Any CPU.Build.0 = Debug|Any CPU
		{9BDAC0A4-FDCA-40D6-927D-8E1DE01F5F17}.Release|Any CPU.ActiveCfg = Release|Any CPU
		{9BDAC0A4-FDCA-40D6-927D-8E1DE01F5F17}.Release|Any CPU.Build.0 = Release|Any CPU
		{687A7181-BBAE-4AD0-BF8E-47EE00311938}.Debug|Any CPU.ActiveCfg = Debug|Any CPU
		{687A7181-BBAE-4AD0-BF8E-47EE00311938}.Debug|Any CPU.Build.0 = Debug|Any CPU
		{687A7181-BBAE-4AD0-BF8E-47EE00311938}.Release|Any CPU.ActiveCfg = Release|Any CPU
		{687A7181-BBAE-4AD0-BF8E-47EE00311938}.Release|Any CPU.Build.0 = Release|Any CPU
		{682DDE9F-2868-4477-B159-9EB7D255D565}.Debug|Any CPU.ActiveCfg = Debug|Any CPU
		{682DDE9F-2868-4477-B159-9EB7D255D565}.Debug|Any CPU.Build.0 = Debug|Any CPU
		{682DDE9F-2868-4477-B159-9EB7D255D565}.Release|Any CPU.ActiveCfg = Release|Any CPU
		{682DDE9F-2868-4477-B159-9EB7D255D565}.Release|Any CPU.Build.0 = Release|Any CPU
		{8DF1A047-4800-4668-877F-8AC8708AB238}.Debug|Any CPU.ActiveCfg = Debug|Any CPU
		{8DF1A047-4800-4668-877F-8AC8708AB238}.Debug|Any CPU.Build.0 = Debug|Any CPU
		{8DF1A047-4800-4668-877F-8AC8708AB238}.Release|Any CPU.ActiveCfg = Release|Any CPU
		{8DF1A047-4800-4668-877F-8AC8708AB238}.Release|Any CPU.Build.0 = Release|Any CPU
		{EB66E913-21D4-491D-8674-9DD4B20CA820}.Debug|Any CPU.ActiveCfg = Debug|Any CPU
		{EB66E913-21D4-491D-8674-9DD4B20CA820}.Debug|Any CPU.Build.0 = Debug|Any CPU
		{EB66E913-21D4-491D-8674-9DD4B20CA820}.Release|Any CPU.ActiveCfg = Release|Any CPU
		{EB66E913-21D4-491D-8674-9DD4B20CA820}.Release|Any CPU.Build.0 = Release|Any CPU
		{ABA8CD5A-BEF7-4962-9C23-AE69F430CC1B}.Debug|Any CPU.ActiveCfg = Debug|Any CPU
		{ABA8CD5A-BEF7-4962-9C23-AE69F430CC1B}.Debug|Any CPU.Build.0 = Debug|Any CPU
		{ABA8CD5A-BEF7-4962-9C23-AE69F430CC1B}.Release|Any CPU.ActiveCfg = Release|Any CPU
		{ABA8CD5A-BEF7-4962-9C23-AE69F430CC1B}.Release|Any CPU.Build.0 = Release|Any CPU
		{40B97A2D-B75C-417B-90DB-4EE423250314}.Debug|Any CPU.ActiveCfg = Debug|Any CPU
		{40B97A2D-B75C-417B-90DB-4EE423250314}.Debug|Any CPU.Build.0 = Debug|Any CPU
		{40B97A2D-B75C-417B-90DB-4EE423250314}.Release|Any CPU.ActiveCfg = Release|Any CPU
		{40B97A2D-B75C-417B-90DB-4EE423250314}.Release|Any CPU.Build.0 = Release|Any CPU
		{70B919BD-95C8-4789-B29E-07F6205CBF5C}.Debug|Any CPU.ActiveCfg = Debug|Any CPU
		{70B919BD-95C8-4789-B29E-07F6205CBF5C}.Debug|Any CPU.Build.0 = Debug|Any CPU
		{70B919BD-95C8-4789-B29E-07F6205CBF5C}.Release|Any CPU.ActiveCfg = Release|Any CPU
		{70B919BD-95C8-4789-B29E-07F6205CBF5C}.Release|Any CPU.Build.0 = Release|Any CPU
		{F607A020-CA9C-4E65-8237-1EB663807058}.Debug|Any CPU.ActiveCfg = Debug|Any CPU
		{F607A020-CA9C-4E65-8237-1EB663807058}.Debug|Any CPU.Build.0 = Debug|Any CPU
		{F607A020-CA9C-4E65-8237-1EB663807058}.Release|Any CPU.ActiveCfg = Release|Any CPU
		{F607A020-CA9C-4E65-8237-1EB663807058}.Release|Any CPU.Build.0 = Release|Any CPU
		{D6EC5F88-1726-485B-AF84-9737293E7250}.Debug|Any CPU.ActiveCfg = Debug|Any CPU
		{D6EC5F88-1726-485B-AF84-9737293E7250}.Debug|Any CPU.Build.0 = Debug|Any CPU
		{D6EC5F88-1726-485B-AF84-9737293E7250}.Release|Any CPU.ActiveCfg = Release|Any CPU
		{D6EC5F88-1726-485B-AF84-9737293E7250}.Release|Any CPU.Build.0 = Release|Any CPU
		{3300BE0C-A811-47CA-80AB-8917CDE0D946}.Debug|Any CPU.ActiveCfg = Debug|Any CPU
		{3300BE0C-A811-47CA-80AB-8917CDE0D946}.Debug|Any CPU.Build.0 = Debug|Any CPU
		{3300BE0C-A811-47CA-80AB-8917CDE0D946}.Release|Any CPU.ActiveCfg = Release|Any CPU
		{3300BE0C-A811-47CA-80AB-8917CDE0D946}.Release|Any CPU.Build.0 = Release|Any CPU
		{7CC233E4-25CE-4493-88E1-8B580685C434}.Debug|Any CPU.ActiveCfg = Debug|Any CPU
		{7CC233E4-25CE-4493-88E1-8B580685C434}.Debug|Any CPU.Build.0 = Debug|Any CPU
		{7CC233E4-25CE-4493-88E1-8B580685C434}.Release|Any CPU.ActiveCfg = Release|Any CPU
		{7CC233E4-25CE-4493-88E1-8B580685C434}.Release|Any CPU.Build.0 = Release|Any CPU
		{331AE6E1-3D5D-4E65-994C-6E7B749B980C}.Debug|Any CPU.ActiveCfg = Debug|Any CPU
		{331AE6E1-3D5D-4E65-994C-6E7B749B980C}.Debug|Any CPU.Build.0 = Debug|Any CPU
		{331AE6E1-3D5D-4E65-994C-6E7B749B980C}.Release|Any CPU.ActiveCfg = Release|Any CPU
		{331AE6E1-3D5D-4E65-994C-6E7B749B980C}.Release|Any CPU.Build.0 = Release|Any CPU
		{D4D5D8D2-B2CE-47A1-93A8-D6CA34A546B9}.Debug|Any CPU.ActiveCfg = Debug|Any CPU
		{D4D5D8D2-B2CE-47A1-93A8-D6CA34A546B9}.Debug|Any CPU.Build.0 = Debug|Any CPU
		{D4D5D8D2-B2CE-47A1-93A8-D6CA34A546B9}.Release|Any CPU.ActiveCfg = Release|Any CPU
		{D4D5D8D2-B2CE-47A1-93A8-D6CA34A546B9}.Release|Any CPU.Build.0 = Release|Any CPU
		{49A19066-0EF8-4E40-B323-C5D6CA37F37F}.Debug|Any CPU.ActiveCfg = Debug|Any CPU
		{49A19066-0EF8-4E40-B323-C5D6CA37F37F}.Debug|Any CPU.Build.0 = Debug|Any CPU
		{49A19066-0EF8-4E40-B323-C5D6CA37F37F}.Release|Any CPU.ActiveCfg = Release|Any CPU
		{49A19066-0EF8-4E40-B323-C5D6CA37F37F}.Release|Any CPU.Build.0 = Release|Any CPU
		{E8BB1635-8706-4D05-977B-DC6EEB113C92}.Debug|Any CPU.ActiveCfg = Debug|Any CPU
		{E8BB1635-8706-4D05-977B-DC6EEB113C92}.Debug|Any CPU.Build.0 = Debug|Any CPU
		{E8BB1635-8706-4D05-977B-DC6EEB113C92}.Release|Any CPU.ActiveCfg = Release|Any CPU
		{E8BB1635-8706-4D05-977B-DC6EEB113C92}.Release|Any CPU.Build.0 = Release|Any CPU
	EndGlobalSection
	GlobalSection(SolutionProperties) = preSolution
		HideSolutionNode = FALSE
	EndGlobalSection
	GlobalSection(NestedProjects) = preSolution
		{A12A3C14-DA68-4E9F-A9BB-53FF587C0A51} = {3A61DBD3-B2D4-45D7-9CB6-9BC4C9586467}
		{323B466B-D2DB-4774-993A-61B2A66715E6} = {3A61DBD3-B2D4-45D7-9CB6-9BC4C9586467}
		{AD400B3E-073B-4BBD-AF0F-EFAAF48A3E58} = {3A61DBD3-B2D4-45D7-9CB6-9BC4C9586467}
		{A47CFB75-1972-4BFB-98A1-9933FD5E086F} = {E1ADFCCC-1FF7-40E6-8D82-301F3FA909A7}
		{BE10A415-5474-4393-A5E4-2743C905C422} = {E1ADFCCC-1FF7-40E6-8D82-301F3FA909A7}
		{11BE4A36-F6EC-422E-98F3-D27D4A7717B5} = {937A8411-5A71-43D8-906A-35614DEFD201}
		{AE6D7A1A-E034-470B-8AB5-793AFE4C9C51} = {937A8411-5A71-43D8-906A-35614DEFD201}
		{7BFA62FE-3066-45C1-B675-2266A28D0F96} = {E1ADFCCC-1FF7-40E6-8D82-301F3FA909A7}
		{9BDAC0A4-FDCA-40D6-927D-8E1DE01F5F17} = {3A61DBD3-B2D4-45D7-9CB6-9BC4C9586467}
		{687A7181-BBAE-4AD0-BF8E-47EE00311938} = {198995B8-A14C-4890-BF05-10C65C1E790F}
		{682DDE9F-2868-4477-B159-9EB7D255D565} = {198995B8-A14C-4890-BF05-10C65C1E790F}
		{ABA8CD5A-BEF7-4962-9C23-AE69F430CC1B} = {198995B8-A14C-4890-BF05-10C65C1E790F}
		{40B97A2D-B75C-417B-90DB-4EE423250314} = {E1ADFCCC-1FF7-40E6-8D82-301F3FA909A7}
		{E2F3C6A1-E11A-4BF5-BF27-54D777F81046} = {C5B90A38-4C45-4FC5-BC56-2B205B7744AB}
		{331AE6E1-3D5D-4E65-994C-6E7B749B980C} = {C5B90A38-4C45-4FC5-BC56-2B205B7744AB}
		{49A19066-0EF8-4E40-B323-C5D6CA37F37F} = {C5B90A38-4C45-4FC5-BC56-2B205B7744AB}
		{E8BB1635-8706-4D05-977B-DC6EEB113C92} = {C5B90A38-4C45-4FC5-BC56-2B205B7744AB}
	EndGlobalSection
	GlobalSection(ExtensibilityGlobals) = postSolution
		SolutionGuid = {6EACF2AC-4BC4-46CE-B6EB-1556257C4C21}
	EndGlobalSection
EndGlobal
