Microsoft Visual Studio Solution File, Format Version 12.00
# Visual Studio Version 17
VisualStudioVersion = 17.0.31825.309
MinimumVisualStudioVersion = 10.0.40219.1
Project("{2150E333-8FDC-42A3-9474-1A3956D46DE8}") = "CaasIntegration", "CaasIntegration", "{937A8411-5A71-43D8-906A-35614DEFD201}"
EndProject
Project("{2150E333-8FDC-42A3-9474-1A3956D46DE8}") = "ScreeningDataServices", "ScreeningDataServices", "{3A61DBD3-B2D4-45D7-9CB6-9BC4C9586467}"
EndProject
Project("{FAE04EC0-301F-11D3-BF4B-00C04F79EFBC}") = "markParticipantAsEligible", "screeningDataServices\markParticipantAsEligible\markParticipantAsEligible.csproj", "{A12A3C14-DA68-4E9F-A9BB-53FF587C0A51}"
EndProject
Project("{FAE04EC0-301F-11D3-BF4B-00C04F79EFBC}") = "markParticipantAsIneligible", "screeningDataServices\markParticipantAsIneligible\markParticipantAsIneligible.csproj", "{323B466B-D2DB-4774-993A-61B2A66715E6}"
EndProject
Project("{FAE04EC0-301F-11D3-BF4B-00C04F79EFBC}") = "CreateParticipant", "screeningDataServices\createParticipant\CreateParticipant.csproj", "{AD400B3E-073B-4BBD-AF0F-EFAAF48A3E58}"
EndProject
Project("{2150E333-8FDC-42A3-9474-1A3956D46DE8}") = "ParticipantManagementServices", "ParticipantManagementServices", "{E1ADFCCC-1FF7-40E6-8D82-301F3FA909A7}"
EndProject
Project("{FAE04EC0-301F-11D3-BF4B-00C04F79EFBC}") = "addParticipant", "ParticipantManagementServices\addParticipant\addParticipant.csproj", "{A47CFB75-1972-4BFB-98A1-9933FD5E086F}"
EndProject
Project("{FAE04EC0-301F-11D3-BF4B-00C04F79EFBC}") = "receiveCaasFile", "CaasIntegration\receiveCaasFile\receiveCaasFile.csproj", "{AE6D7A1A-E034-470B-8AB5-793AFE4C9C51}"
EndProject
Project("{FAE04EC0-301F-11D3-BF4B-00C04F79EFBC}") = "updateParticipant", "ParticipantManagementServices\updateParticipant\updateParticipant.csproj", "{7BFA62FE-3066-45C1-B675-2266A28D0F96}"
EndProject
Project("{FAE04EC0-301F-11D3-BF4B-00C04F79EFBC}") = "updateParticipantDetails", "screeningDataServices\updateParticipantDetails\updateParticipantDetails.csproj", "{9BDAC0A4-FDCA-40D6-927D-8E1DE01F5F17}"
EndProject
Project("{2150E333-8FDC-42A3-9474-1A3956D46DE8}") = "Shared", "Shared", "{198995B8-A14C-4890-BF05-10C65C1E790F}"
EndProject
Project("{FAE04EC0-301F-11D3-BF4B-00C04F79EFBC}") = "Common", "Shared\Common\Common.csproj", "{687A7181-BBAE-4AD0-BF8E-47EE00311938}"
EndProject
Project("{FAE04EC0-301F-11D3-BF4B-00C04F79EFBC}") = "Model", "Shared\Model\Model.csproj", "{682DDE9F-2868-4477-B159-9EB7D255D565}"
EndProject
Project("{FAE04EC0-301F-11D3-BF4B-00C04F79EFBC}") = "receiveCaasFileTest", "..\..\..\..\tests\CaasIntegrationTests\receiveCaasFileTest\receiveCaasFileTest.csproj", "{8DF1A047-4800-4668-877F-8AC8708AB238}"
EndProject
Project("{FAE04EC0-301F-11D3-BF4B-00C04F79EFBC}") = "Data", "Shared\Data\Data.csproj", "{ABA8CD5A-BEF7-4962-9C23-AE69F430CC1B}"
EndProject
Project("{FAE04EC0-301F-11D3-BF4B-00C04F79EFBC}") = "RemoveParticipant", "ParticipantManagementServices\RemoveParticipant\RemoveParticipant.csproj", "{40B97A2D-B75C-417B-90DB-4EE423250314}"
EndProject
Project("{FAE04EC0-301F-11D3-BF4B-00C04F79EFBC}") = "AddParticipantTest", "..\..\..\..\tests\UnitTests\ParticipantManagementServicesTests\AddParticipantTest\AddParticipantTest.csproj", "{70B919BD-95C8-4789-B29E-07F6205CBF5C}"
EndProject
Project("{FAE04EC0-301F-11D3-BF4B-00C04F79EFBC}") = "RemoveParticipantTests", "..\..\..\..\tests\UnitTests\ParticipantManagementServicesTests\RemoveParticipantTests\RemoveParticipantTests.csproj", "{D6EC5F88-1726-485B-AF84-9737293E7250}"
EndProject
Project("{2150E333-8FDC-42A3-9474-1A3956D46DE8}") = "ScreeningDataServicesTests", "ScreeningDataServicesTests", "{2BE7CEE7-58EF-4087-8D7C-B74CE7969A5C}"
EndProject
Project("{FAE04EC0-301F-11D3-BF4B-00C04F79EFBC}") = "DemographicDataService", "screeningDataServices\DemographicDataService\DemographicDataService.csproj", "{96AD14C8-67A1-4DC4-8593-F2D64F999223}"
EndProject
Project("{2150E333-8FDC-42A3-9474-1A3956D46DE8}") = "DemographicServices", "DemographicServices", "{8546F1DA-6055-4224-8A2B-36CDE94CBD07}"
EndProject
Project("{FAE04EC0-301F-11D3-BF4B-00C04F79EFBC}") = "DemographicDataManagementFunction", "DemographicServices\DemographicDataManagementFunction\DemographicDataManagementFunction.csproj", "{9A53EEBB-3DE4-41FD-8552-94F79E88D674}"
EndProject
Project("{2150E333-8FDC-42A3-9474-1A3956D46DE8}") = "ScreeningValidationService", "ScreeningValidationService", "{C1B3BF4F-54CA-4100-AA4E-EA91B17704B8}"
EndProject
Project("{FAE04EC0-301F-11D3-BF4B-00C04F79EFBC}") = "StaticValidation", "ScreeningValidationService\StaticValidation\StaticValidation.csproj", "{FE8338CF-3245-4B4E-BAA1-4643A6AB668E}"
EndProject
Project("{FAE04EC0-301F-11D3-BF4B-00C04F79EFBC}") = "FileValidation", "ScreeningValidationService\FileValidation\FileValidation.csproj", "{15E7492F-ACCE-4267-A52A-2ABF44690F64}"
EndProject
Project("{FAE04EC0-301F-11D3-BF4B-00C04F79EFBC}") = "DemographicDataServiceTests", "..\..\..\..\tests\UnitTests\ScreeningDataServicesTests\DemographicDataServiceTests\DemographicDataServiceTests.csproj", "{D3CF4C1D-9D0E-414E-8A3D-08291B891805}"
EndProject
Project("{FAE04EC0-301F-11D3-BF4B-00C04F79EFBC}") = "DemographicDataFunctionTests", "..\..\..\..\tests\UnitTests\DemographicServicesTests\DemographicDataFunctionTests\DemographicDataFunctionTests.csproj", "{A99A0090-6DDF-45D7-B387-025C986DF078}"
EndProject
Project("{2150E333-8FDC-42A3-9474-1A3956D46DE8}") = "ScreeningValidationServiceTests", "ScreeningValidationServiceTests", "{2E941CDF-4D51-4DB2-AEED-B4C44F9918CA}"
EndProject
Project("{FAE04EC0-301F-11D3-BF4B-00C04F79EFBC}") = "GetValidationExceptions", "screeningDataServices\GetValidationExceptions\GetValidationExceptions.csproj", "{B6719E71-5BBE-4F24-B728-EE92AC5C8E07}"
EndProject
Project("{FAE04EC0-301F-11D3-BF4B-00C04F79EFBC}") = "LookupValidation", "ScreeningValidationService\LookupValidation\LookupValidation.csproj", "{5AF185E2-6CDD-47E6-8B93-4624F0A8CA66}"
EndProject
Project("{FAE04EC0-301F-11D3-BF4B-00C04F79EFBC}") = "CreateParticipantTests", "..\..\..\..\tests\UnitTests\ScreeningDataServicesTests\CreateParticipantTests\CreateParticipantTests.csproj", "{F2388615-C86A-4C2B-8832-F837E68D3835}"
EndProject
Project("{FAE04EC0-301F-11D3-BF4B-00C04F79EFBC}") = "MarkParticipantAsEligibleTests", "..\..\..\..\tests\UnitTests\ScreeningDataServicesTests\MarkParticipantAsEligibleTests\MarkParticipantAsEligibleTests.csproj", "{313D64E3-8DF7-4A07-B60C-78A0DA380466}"
EndProject
Project("{FAE04EC0-301F-11D3-BF4B-00C04F79EFBC}") = "UpdateParticipantDetailsTests", "..\..\..\..\tests\UnitTests\ScreeningDataServicesTests\UpdateParticipantDetailsTests\UpdateParticipantDetailsTests.csproj", "{039F89A9-FD1D-483E-BD15-83008943FE96}"
EndProject
Project("{FAE04EC0-301F-11D3-BF4B-00C04F79EFBC}") = "FileValidationTests", "..\..\..\..\tests\UnitTests\ScreeningValidationServiceTests\FileValidation\FileValidationTests.csproj", "{E0A701BD-23C7-45C1-B969-E639B001C7E9}"
EndProject
Project("{FAE04EC0-301F-11D3-BF4B-00C04F79EFBC}") = "LookupValidationTests", "..\..\..\..\tests\UnitTests\ScreeningValidationServiceTests\LookupValidation\LookupValidationTests.csproj", "{79DF4237-68B8-4BA3-A9CC-298A96248CC1}"
EndProject
Project("{FAE04EC0-301F-11D3-BF4B-00C04F79EFBC}") = "StaticValidationTests", "..\..\..\..\tests\UnitTests\ScreeningValidationServiceTests\StaticValidation\StaticValidationTests.csproj", "{CD708F54-3DB5-4D70-ABED-8843E61EC1A6}"
EndProject
Project("{2150E333-8FDC-42A3-9474-1A3956D46DE8}") = "CohortDistributionServices", "CohortDistributionServices", "{F589D54E-8BFF-45BD-85A8-0C1FCF4F58F3}"
EndProject
Project("{FAE04EC0-301F-11D3-BF4B-00C04F79EFBC}") = "RetrieveCohortDistribution", "CohortDistributionServices\RetrieveCohortDistribution\RetrieveCohortDistribution.csproj", "{BD73440D-607E-4002-B7A1-14C0194B5230}"
EndProject
Project("{FAE04EC0-301F-11D3-BF4B-00C04F79EFBC}") = "AddCohortDistributionData", "CohortDistributionServices\AddCohortDistributionData\AddCohortDistributionData.csproj", "{02CB2B53-7670-47CC-93DF-6F941FB58C38}"
EndProject
Project("{FAE04EC0-301F-11D3-BF4B-00C04F79EFBC}") = "CohortDistributionDataTests", "..\..\..\..\tests\UnitTests\CohortDistributionTests\CohortDistributionDataTests\CohortDistributionDataTests.csproj", "{963347ED-E02D-42D2-8A9C-05115E8B75C9}"
EndProject
Project("{FAE04EC0-301F-11D3-BF4B-00C04F79EFBC}") = "TransformDataService", "CohortDistributionServices\TransformDataService\TransformDataService.csproj", "{81BF10AD-AD08-4D47-8150-96FA09227107}"
EndProject
Project("{FAE04EC0-301F-11D3-BF4B-00C04F79EFBC}") = "AllocateServiceProviderToParticipantByServiceTest", "..\..\..\..\tests\UnitTests\CohortDistributionTests\ServiceProviderAllocationServiceTest\AllocateServiceProviderToParticipantByServiceTest.csproj", "{142C4501-749C-4ECC-8F9E-452F204D65DE}"
EndProject
Project("{FAE04EC0-301F-11D3-BF4B-00C04F79EFBC}") = "CreateException", "ExceptionHandling\CreateException\CreateException.csproj", "{F694FC4E-A899-4466-B26F-B0E4C6E50F18}"
EndProject
Project("{FAE04EC0-301F-11D3-BF4B-00C04F79EFBC}") = "MarkParticipantAsIneligibleTests", "..\..\..\..\tests\UnitTests\ScreeningDataServicesTests\MarkParticipantAsIneligibleTests\MarkParticipantAsIneligibleTests.csproj", "{FBAE6E8E-C678-4F9A-A642-B7B8D985907A}"
EndProject
Project("{FAE04EC0-301F-11D3-BF4B-00C04F79EFBC}") = "CreateCohortDistribution", "CohortDistributionServices\CreateCohortDistribution\CreateCohortDistribution.csproj", "{4DE1B041-1D69-4291-BB69-981CBB7A8DA7}"
EndProject
Project("{FAE04EC0-301F-11D3-BF4B-00C04F79EFBC}") = "CreateCohortDistributionTests", "..\..\..\..\tests\UnitTests\CohortDistributionTests\CreateCohortDistributionTests\CreateCohortDistributionTests.csproj", "{83BBA2EF-6D75-430C-8E5D-20362913DE4D}"
EndProject
Project("{FAE04EC0-301F-11D3-BF4B-00C04F79EFBC}") = "RetrieveParticipantData", "CohortDistributionServices\RetrieveParticipantData\RetrieveParticipantData.csproj", "{CF9C9DB3-4178-4D3D-8232-4BE2B20C0D96}"
EndProject
Project("{FAE04EC0-301F-11D3-BF4B-00C04F79EFBC}") = "TestUtils", "..\..\..\..\tests\TestUtils\TestUtils.csproj", "{DBB9BF00-A54A-4762-AAD6-B614ECA6078A}"
EndProject
Project("{FAE04EC0-301F-11D3-BF4B-00C04F79EFBC}") = "AllocateServiceProviderToParticipantByService", "CohortDistributionServices\ServiceProviderAllocationService\AllocateServiceProviderToParticipantByService.csproj", "{21183CC3-A28E-4407-B3A9-714DC39FE759}"
EndProject
Project("{FAE04EC0-301F-11D3-BF4B-00C04F79EFBC}") = "RetrieveParticipantDataTests", "..\..\..\..\tests\UnitTests\CohortDistributionTests\RetrieveParticipantDataTests\RetrieveParticipantDataTests.csproj", "{6381CF54-FA9E-4F82-8608-02F12BA72502}"
EndProject
Project("{FAE04EC0-301F-11D3-BF4B-00C04F79EFBC}") = "UpdateParticipantTests", "..\..\..\..\tests\UnitTests\ParticipantManagementServicesTests\UpdateParticipantTests\UpdateParticipantTests.csproj", "{A5392E49-E397-44D1-8A44-1E4D88ABAB3B}"
EndProject
Project("{FAE04EC0-301F-11D3-BF4B-00C04F79EFBC}") = "RetrieveMeshFile", "CaasIntegration\RetrieveMeshFile\RetrieveMeshFile.csproj", "{A5CC3CCE-2816-434A-AC32-FCF4251BDCAC}"
EndProject
Project("{FAE04EC0-301F-11D3-BF4B-00C04F79EFBC}") = "retrieveMeshFileTest", "..\..\..\..\tests\CaasIntegrationTests\retrieveMeshFileTest\retrieveMeshFileTest.csproj", "{31A651CD-25D0-4131-B773-0A34495164D5}"
EndProject
Project("{FAE04EC0-301F-11D3-BF4B-00C04F79EFBC}") = "ValidateCohortDistributionRecord", "CohortDistributionServices\ValidateCohortDistributionRecord\ValidateCohortDistributionRecord.csproj", "{BD5E5333-2C20-4009-BF58-BFB930AD6B6C}"
EndProject
Project("{FAE04EC0-301F-11D3-BF4B-00C04F79EFBC}") = "ValidateCohortDistributionRecordTests", "..\..\..\..\tests\UnitTests\CohortDistributionTests\ValidateCohortDistributionRecordTests\ValidateCohortDistributionRecordTests.csproj", "{2E815BDB-DB3D-4EB1-B24C-34FF6B9E6113}"
EndProject
Project("{FAE04EC0-301F-11D3-BF4B-00C04F79EFBC}") = "RemoveValidationException", "ScreeningValidationService\RemoveValidationException\RemoveValidationException.csproj", "{703A7286-774E-4969-924B-6305366916BB}"
EndProject
Project("{FAE04EC0-301F-11D3-BF4B-00C04F79EFBC}") = "RemoveValidationExceptionDataTests", "..\..\..\..\tests\UnitTests\RemoveValidationExceptionData\RemoveValidationExceptionDataTests.csproj", "{6F9FF96F-57D1-4F1E-B722-42639DA5588A}"
EndProject
Project("{FAE04EC0-301F-11D3-BF4B-00C04F79EFBC}") = "StaticTests", "..\..\..\..\tests\UnitTests\StaticTests\StaticTests.csproj", "{1E99A3AD-6BCE-4772-AED2-CF895F945D31}"
EndProject
Project("{FAE04EC0-301F-11D3-BF4B-00C04F79EFBC}") = "DataServices.Database", "Shared\DataServices.Database\DataServices.Database.csproj", "{C5344540-1189-4AFD-B5B7-A0FD433937A8}"
EndProject
Project("{FAE04EC0-301F-11D3-BF4B-00C04F79EFBC}") = "BsSelectGpPractice", "screeningDataServices\BsSelectGpPractice\BsSelectGpPractice.csproj", "{2A6C992E-3599-40E9-B2A2-677F4FCA88E1}"
EndProject
Project("{FAE04EC0-301F-11D3-BF4B-00C04F79EFBC}") = "DataServices.Core", "Shared\DataServices.Core\DataServices.Core.csproj", "{5DF1B206-87EA-4EC8-B579-358C3A2608FD}"
EndProject
Project("{2150E333-8FDC-42A3-9474-1A3956D46DE8}") = "dotnet-mesh-client", "dotnet-mesh-client", "{A80097AA-4EAB-4E8A-97D1-7B480DCD5407}"
EndProject
Project("{2150E333-8FDC-42A3-9474-1A3956D46DE8}") = "tests", "tests", "{57F325D0-5499-4BA3-9273-DAF208C20210}"
EndProject
Project("{FAE04EC0-301F-11D3-BF4B-00C04F79EFBC}") = "NHS.Mesh.Client.UnitTests", "Shared\dotnet-mesh-client\tests\NHS.Mesh.Client.UnitTests\NHS.Mesh.Client.UnitTests.csproj", "{80C1E995-835D-4586-AEAD-D775039FB2BD}"
EndProject
Project("{2150E333-8FDC-42A3-9474-1A3956D46DE8}") = "application", "application", "{7D2ACE1A-2691-484E-B227-392B2CDEF2EA}"
EndProject
Project("{2150E333-8FDC-42A3-9474-1A3956D46DE8}") = "DotNetMeshClient", "DotNetMeshClient", "{6AC1E1EF-9B6F-43A2-BE49-3E5B2DDB3109}"
EndProject
Project("{FAE04EC0-301F-11D3-BF4B-00C04F79EFBC}") = "NHS.Mesh.Client", "Shared\dotnet-mesh-client\application\DotNetMeshClient\NHS.Mesh.Client\NHS.Mesh.Client.csproj", "{073470C0-3CFE-4C53-AA24-B3E75CB1BFE3}"
EndProject
Project("{FAE04EC0-301F-11D3-BF4B-00C04F79EFBC}") = "RetrieveCohortRequestAudit", "CohortDistributionServices\RetrieveCohortRequestAudit\RetrieveCohortRequestAudit.csproj", "{ED74B67B-5F06-48D9-A2A4-1320E0EAB658}"
EndProject
Project("{FAE04EC0-301F-11D3-BF4B-00C04F79EFBC}") = "RetrieveCohortRequestAuditTests", "..\..\..\..\tests\UnitTests\CohortDistributionTests\RetrieveCohortRequestAuditTests\RetrieveCohortRequestAuditTests.csproj", "{2D5B5A6C-69E8-4FC6-A4C1-0C09096D5AE1}"
EndProject
Project("{FAE04EC0-301F-11D3-BF4B-00C04F79EFBC}") = "ExceptionHandlerTests", "..\..\..\..\tests\UnitTests\ExceptionHandlerTests\ExceptionHandlerTests.csproj", "{D6C3BE30-1AA0-49F5-928C-06102D183A08}"
EndProject
Project("{FAE04EC0-301F-11D3-BF4B-00C04F79EFBC}") = "GetValidationExceptionTests", "..\..\..\..\tests\UnitTests\ScreeningDataServicesTests\ValidationExceptionDataTests\GetValidationExceptionTests\GetValidationExceptionsTests.csproj", "{8B96E54E-5391-4B61-97D5-B31FC7963BEA}"
EndProject
Project("{FAE04EC0-301F-11D3-BF4B-00C04F79EFBC}") = "ValidationExceptionDataTests", "..\..\..\..\tests\UnitTests\ScreeningDataServicesTests\ValidationExceptionDataTests\ValidationExceptionDataTests\ValidationExceptionDataTests.csproj", "{A54E1897-B755-4D15-8575-6589E17ECADE}"
EndProject
Project("{FAE04EC0-301F-11D3-BF4B-00C04F79EFBC}") = "DataServices.Client", "Shared\DataServices.Client\DataServices.Client.csproj", "{420B8566-2CE2-4B89-A0E4-D86C6AB24722}"
EndProject
Project("{FAE04EC0-301F-11D3-BF4B-00C04F79EFBC}") = "BsSelectOutCode", "screeningDataServices\BsSelectOutCode\BsSelectOutCode.csproj", "{DFF9E27F-D313-482B-BAF6-8506D771600E}"
EndProject
Project("{FAE04EC0-301F-11D3-BF4B-00C04F79EFBC}") = "LanguageCodesDataService", "screeningDataServices\LanguageCodesDataService\LanguageCodesDataService.csproj", "{95B31F6C-8854-4E01-975B-424750A52A02}"
EndProject
Project("{FAE04EC0-301F-11D3-BF4B-00C04F79EFBC}") = "CurrentPosting", "screeningDataServices\CurrentPostingDataService\CurrentPosting.csproj", "{9974CB33-DDF0-4CBD-95F8-6CA94F2F04E8}"
EndProject
Project("{FAE04EC0-301F-11D3-BF4B-00C04F79EFBC}") = "DataServiceTests", "..\..\..\..\tests\DataServiceTests\DataServiceTests.csproj", "{824D0893-14F9-47D9-B381-3BB899B4CBDA}"
EndProject
Project("{FAE04EC0-301F-11D3-BF4B-00C04F79EFBC}") = "ExcludedSMULookupDataServices", "screeningDataServices\ExcludedSMULookupDataService\ExcludedSMULookupDataServices.csproj", "{9B9E8E86-601F-4C10-B6EF-348AF9A168AA}"
EndProject
Project("{FAE04EC0-301F-11D3-BF4B-00C04F79EFBC}") = "ParticipantDemographicDataService", "screeningDataServices\ParticipantDemographicDataService\ParticipantDemographicDataService.csproj", "{D8990183-52BA-4A1F-B333-5B32AAF14348}"
EndProject
Project("{FAE04EC0-301F-11D3-BF4B-00C04F79EFBC}") = "ParticipantManagement", "screeningDataServices\ParticipantManagementDataService\ParticipantManagement.csproj", "{28F22CA5-7CE5-4D2E-8E0E-AD1D9A11C0C8}"
EndProject
Project("{FAE04EC0-301F-11D3-BF4B-00C04F79EFBC}") = "TransformReasonForRemovalTests", "..\..\..\..\tests\UnitTests\TransformDataServiceTests\TransformReasonForRemovalTests\TransformReasonForRemovalTests.csproj", "{C31490BE-8D6F-4F0B-ABC7-9D3B97FE20C4}"
EndProject
Project("{FAE04EC0-301F-11D3-BF4B-00C04F79EFBC}") = "TransformDataServiceTests", "..\..\..\..\tests\UnitTests\TransformDataServiceTests\TransformDataServiceTests\TransformDataServiceTests.csproj", "{DCBF3583-DC87-46BE-93DC-C345E779D95C}"
EndProject
Project("{FAE04EC0-301F-11D3-BF4B-00C04F79EFBC}") = "ProcessCaasFileTests", "..\..\..\..\tests\CaasIntegrationTests\processCaasFileTest\ProcessCaasFileTests.csproj", "{FE9773EF-DFB8-4308-869B-EABD0776C828}"
EndProject
Global
	GlobalSection(SolutionConfigurationPlatforms) = preSolution
		Debug|Any CPU = Debug|Any CPU
		Release|Any CPU = Release|Any CPU
	EndGlobalSection
	GlobalSection(ProjectConfigurationPlatforms) = postSolution
		{A12A3C14-DA68-4E9F-A9BB-53FF587C0A51}.Debug|Any CPU.ActiveCfg = Debug|Any CPU
		{A12A3C14-DA68-4E9F-A9BB-53FF587C0A51}.Debug|Any CPU.Build.0 = Debug|Any CPU
		{A12A3C14-DA68-4E9F-A9BB-53FF587C0A51}.Release|Any CPU.ActiveCfg = Release|Any CPU
		{A12A3C14-DA68-4E9F-A9BB-53FF587C0A51}.Release|Any CPU.Build.0 = Release|Any CPU
		{323B466B-D2DB-4774-993A-61B2A66715E6}.Debug|Any CPU.ActiveCfg = Debug|Any CPU
		{323B466B-D2DB-4774-993A-61B2A66715E6}.Debug|Any CPU.Build.0 = Debug|Any CPU
		{323B466B-D2DB-4774-993A-61B2A66715E6}.Release|Any CPU.ActiveCfg = Release|Any CPU
		{323B466B-D2DB-4774-993A-61B2A66715E6}.Release|Any CPU.Build.0 = Release|Any CPU
		{AD400B3E-073B-4BBD-AF0F-EFAAF48A3E58}.Debug|Any CPU.ActiveCfg = Debug|Any CPU
		{AD400B3E-073B-4BBD-AF0F-EFAAF48A3E58}.Debug|Any CPU.Build.0 = Debug|Any CPU
		{AD400B3E-073B-4BBD-AF0F-EFAAF48A3E58}.Release|Any CPU.ActiveCfg = Release|Any CPU
		{AD400B3E-073B-4BBD-AF0F-EFAAF48A3E58}.Release|Any CPU.Build.0 = Release|Any CPU
		{A47CFB75-1972-4BFB-98A1-9933FD5E086F}.Debug|Any CPU.ActiveCfg = Debug|Any CPU
		{A47CFB75-1972-4BFB-98A1-9933FD5E086F}.Debug|Any CPU.Build.0 = Debug|Any CPU
		{A47CFB75-1972-4BFB-98A1-9933FD5E086F}.Release|Any CPU.ActiveCfg = Release|Any CPU
		{A47CFB75-1972-4BFB-98A1-9933FD5E086F}.Release|Any CPU.Build.0 = Release|Any CPU
		{11BE4A36-F6EC-422E-98F3-D27D4A7717B5}.Debug|Any CPU.ActiveCfg = Debug|Any CPU
		{11BE4A36-F6EC-422E-98F3-D27D4A7717B5}.Debug|Any CPU.Build.0 = Debug|Any CPU
		{11BE4A36-F6EC-422E-98F3-D27D4A7717B5}.Release|Any CPU.ActiveCfg = Release|Any CPU
		{11BE4A36-F6EC-422E-98F3-D27D4A7717B5}.Release|Any CPU.Build.0 = Release|Any CPU
		{AE6D7A1A-E034-470B-8AB5-793AFE4C9C51}.Debug|Any CPU.ActiveCfg = Debug|Any CPU
		{AE6D7A1A-E034-470B-8AB5-793AFE4C9C51}.Debug|Any CPU.Build.0 = Debug|Any CPU
		{AE6D7A1A-E034-470B-8AB5-793AFE4C9C51}.Release|Any CPU.ActiveCfg = Release|Any CPU
		{AE6D7A1A-E034-470B-8AB5-793AFE4C9C51}.Release|Any CPU.Build.0 = Release|Any CPU
		{7BFA62FE-3066-45C1-B675-2266A28D0F96}.Debug|Any CPU.ActiveCfg = Debug|Any CPU
		{7BFA62FE-3066-45C1-B675-2266A28D0F96}.Debug|Any CPU.Build.0 = Debug|Any CPU
		{7BFA62FE-3066-45C1-B675-2266A28D0F96}.Release|Any CPU.ActiveCfg = Release|Any CPU
		{7BFA62FE-3066-45C1-B675-2266A28D0F96}.Release|Any CPU.Build.0 = Release|Any CPU
		{9BDAC0A4-FDCA-40D6-927D-8E1DE01F5F17}.Debug|Any CPU.ActiveCfg = Debug|Any CPU
		{9BDAC0A4-FDCA-40D6-927D-8E1DE01F5F17}.Debug|Any CPU.Build.0 = Debug|Any CPU
		{9BDAC0A4-FDCA-40D6-927D-8E1DE01F5F17}.Release|Any CPU.ActiveCfg = Release|Any CPU
		{9BDAC0A4-FDCA-40D6-927D-8E1DE01F5F17}.Release|Any CPU.Build.0 = Release|Any CPU
		{687A7181-BBAE-4AD0-BF8E-47EE00311938}.Debug|Any CPU.ActiveCfg = Debug|Any CPU
		{687A7181-BBAE-4AD0-BF8E-47EE00311938}.Debug|Any CPU.Build.0 = Debug|Any CPU
		{687A7181-BBAE-4AD0-BF8E-47EE00311938}.Release|Any CPU.ActiveCfg = Release|Any CPU
		{687A7181-BBAE-4AD0-BF8E-47EE00311938}.Release|Any CPU.Build.0 = Release|Any CPU
		{682DDE9F-2868-4477-B159-9EB7D255D565}.Debug|Any CPU.ActiveCfg = Debug|Any CPU
		{682DDE9F-2868-4477-B159-9EB7D255D565}.Debug|Any CPU.Build.0 = Debug|Any CPU
		{682DDE9F-2868-4477-B159-9EB7D255D565}.Release|Any CPU.ActiveCfg = Release|Any CPU
		{682DDE9F-2868-4477-B159-9EB7D255D565}.Release|Any CPU.Build.0 = Release|Any CPU
		{8DF1A047-4800-4668-877F-8AC8708AB238}.Debug|Any CPU.ActiveCfg = Debug|Any CPU
		{8DF1A047-4800-4668-877F-8AC8708AB238}.Debug|Any CPU.Build.0 = Debug|Any CPU
		{8DF1A047-4800-4668-877F-8AC8708AB238}.Release|Any CPU.ActiveCfg = Release|Any CPU
		{8DF1A047-4800-4668-877F-8AC8708AB238}.Release|Any CPU.Build.0 = Release|Any CPU
		{EB66E913-21D4-491D-8674-9DD4B20CA820}.Debug|Any CPU.ActiveCfg = Debug|Any CPU
		{EB66E913-21D4-491D-8674-9DD4B20CA820}.Debug|Any CPU.Build.0 = Debug|Any CPU
		{EB66E913-21D4-491D-8674-9DD4B20CA820}.Release|Any CPU.ActiveCfg = Release|Any CPU
		{EB66E913-21D4-491D-8674-9DD4B20CA820}.Release|Any CPU.Build.0 = Release|Any CPU
		{ABA8CD5A-BEF7-4962-9C23-AE69F430CC1B}.Debug|Any CPU.ActiveCfg = Debug|Any CPU
		{ABA8CD5A-BEF7-4962-9C23-AE69F430CC1B}.Debug|Any CPU.Build.0 = Debug|Any CPU
		{ABA8CD5A-BEF7-4962-9C23-AE69F430CC1B}.Release|Any CPU.ActiveCfg = Release|Any CPU
		{ABA8CD5A-BEF7-4962-9C23-AE69F430CC1B}.Release|Any CPU.Build.0 = Release|Any CPU
		{40B97A2D-B75C-417B-90DB-4EE423250314}.Debug|Any CPU.ActiveCfg = Debug|Any CPU
		{40B97A2D-B75C-417B-90DB-4EE423250314}.Debug|Any CPU.Build.0 = Debug|Any CPU
		{40B97A2D-B75C-417B-90DB-4EE423250314}.Release|Any CPU.ActiveCfg = Release|Any CPU
		{40B97A2D-B75C-417B-90DB-4EE423250314}.Release|Any CPU.Build.0 = Release|Any CPU
		{70B919BD-95C8-4789-B29E-07F6205CBF5C}.Debug|Any CPU.ActiveCfg = Debug|Any CPU
		{70B919BD-95C8-4789-B29E-07F6205CBF5C}.Debug|Any CPU.Build.0 = Debug|Any CPU
		{70B919BD-95C8-4789-B29E-07F6205CBF5C}.Release|Any CPU.ActiveCfg = Release|Any CPU
		{70B919BD-95C8-4789-B29E-07F6205CBF5C}.Release|Any CPU.Build.0 = Release|Any CPU
		{D6EC5F88-1726-485B-AF84-9737293E7250}.Debug|Any CPU.ActiveCfg = Debug|Any CPU
		{D6EC5F88-1726-485B-AF84-9737293E7250}.Debug|Any CPU.Build.0 = Debug|Any CPU
		{D6EC5F88-1726-485B-AF84-9737293E7250}.Release|Any CPU.ActiveCfg = Release|Any CPU
		{D6EC5F88-1726-485B-AF84-9737293E7250}.Release|Any CPU.Build.0 = Release|Any CPU
		{96AD14C8-67A1-4DC4-8593-F2D64F999223}.Debug|Any CPU.ActiveCfg = Debug|Any CPU
		{96AD14C8-67A1-4DC4-8593-F2D64F999223}.Debug|Any CPU.Build.0 = Debug|Any CPU
		{96AD14C8-67A1-4DC4-8593-F2D64F999223}.Release|Any CPU.ActiveCfg = Release|Any CPU
		{96AD14C8-67A1-4DC4-8593-F2D64F999223}.Release|Any CPU.Build.0 = Release|Any CPU
		{9A53EEBB-3DE4-41FD-8552-94F79E88D674}.Debug|Any CPU.ActiveCfg = Debug|Any CPU
		{9A53EEBB-3DE4-41FD-8552-94F79E88D674}.Debug|Any CPU.Build.0 = Debug|Any CPU
		{9A53EEBB-3DE4-41FD-8552-94F79E88D674}.Release|Any CPU.ActiveCfg = Release|Any CPU
		{9A53EEBB-3DE4-41FD-8552-94F79E88D674}.Release|Any CPU.Build.0 = Release|Any CPU
		{FE8338CF-3245-4B4E-BAA1-4643A6AB668E}.Debug|Any CPU.ActiveCfg = Debug|Any CPU
		{FE8338CF-3245-4B4E-BAA1-4643A6AB668E}.Debug|Any CPU.Build.0 = Debug|Any CPU
		{FE8338CF-3245-4B4E-BAA1-4643A6AB668E}.Release|Any CPU.ActiveCfg = Release|Any CPU
		{FE8338CF-3245-4B4E-BAA1-4643A6AB668E}.Release|Any CPU.Build.0 = Release|Any CPU
		{15E7492F-ACCE-4267-A52A-2ABF44690F64}.Debug|Any CPU.ActiveCfg = Debug|Any CPU
		{15E7492F-ACCE-4267-A52A-2ABF44690F64}.Debug|Any CPU.Build.0 = Debug|Any CPU
		{15E7492F-ACCE-4267-A52A-2ABF44690F64}.Release|Any CPU.ActiveCfg = Release|Any CPU
		{15E7492F-ACCE-4267-A52A-2ABF44690F64}.Release|Any CPU.Build.0 = Release|Any CPU
		{D3CF4C1D-9D0E-414E-8A3D-08291B891805}.Debug|Any CPU.ActiveCfg = Debug|Any CPU
		{D3CF4C1D-9D0E-414E-8A3D-08291B891805}.Debug|Any CPU.Build.0 = Debug|Any CPU
		{D3CF4C1D-9D0E-414E-8A3D-08291B891805}.Release|Any CPU.ActiveCfg = Release|Any CPU
		{D3CF4C1D-9D0E-414E-8A3D-08291B891805}.Release|Any CPU.Build.0 = Release|Any CPU
		{A99A0090-6DDF-45D7-B387-025C986DF078}.Debug|Any CPU.ActiveCfg = Debug|Any CPU
		{A99A0090-6DDF-45D7-B387-025C986DF078}.Debug|Any CPU.Build.0 = Debug|Any CPU
		{A99A0090-6DDF-45D7-B387-025C986DF078}.Release|Any CPU.ActiveCfg = Release|Any CPU
		{A99A0090-6DDF-45D7-B387-025C986DF078}.Release|Any CPU.Build.0 = Release|Any CPU
		{B6719E71-5BBE-4F24-B728-EE92AC5C8E07}.Debug|Any CPU.ActiveCfg = Debug|Any CPU
		{B6719E71-5BBE-4F24-B728-EE92AC5C8E07}.Debug|Any CPU.Build.0 = Debug|Any CPU
		{B6719E71-5BBE-4F24-B728-EE92AC5C8E07}.Release|Any CPU.ActiveCfg = Release|Any CPU
		{B6719E71-5BBE-4F24-B728-EE92AC5C8E07}.Release|Any CPU.Build.0 = Release|Any CPU
		{5AF185E2-6CDD-47E6-8B93-4624F0A8CA66}.Debug|Any CPU.ActiveCfg = Debug|Any CPU
		{5AF185E2-6CDD-47E6-8B93-4624F0A8CA66}.Debug|Any CPU.Build.0 = Debug|Any CPU
		{5AF185E2-6CDD-47E6-8B93-4624F0A8CA66}.Release|Any CPU.ActiveCfg = Release|Any CPU
		{5AF185E2-6CDD-47E6-8B93-4624F0A8CA66}.Release|Any CPU.Build.0 = Release|Any CPU
		{F2388615-C86A-4C2B-8832-F837E68D3835}.Debug|Any CPU.ActiveCfg = Debug|Any CPU
		{F2388615-C86A-4C2B-8832-F837E68D3835}.Debug|Any CPU.Build.0 = Debug|Any CPU
		{F2388615-C86A-4C2B-8832-F837E68D3835}.Release|Any CPU.ActiveCfg = Release|Any CPU
		{F2388615-C86A-4C2B-8832-F837E68D3835}.Release|Any CPU.Build.0 = Release|Any CPU
		{313D64E3-8DF7-4A07-B60C-78A0DA380466}.Debug|Any CPU.ActiveCfg = Debug|Any CPU
		{313D64E3-8DF7-4A07-B60C-78A0DA380466}.Debug|Any CPU.Build.0 = Debug|Any CPU
		{313D64E3-8DF7-4A07-B60C-78A0DA380466}.Release|Any CPU.ActiveCfg = Release|Any CPU
		{313D64E3-8DF7-4A07-B60C-78A0DA380466}.Release|Any CPU.Build.0 = Release|Any CPU
		{039F89A9-FD1D-483E-BD15-83008943FE96}.Debug|Any CPU.ActiveCfg = Debug|Any CPU
		{039F89A9-FD1D-483E-BD15-83008943FE96}.Debug|Any CPU.Build.0 = Debug|Any CPU
		{039F89A9-FD1D-483E-BD15-83008943FE96}.Release|Any CPU.ActiveCfg = Release|Any CPU
		{039F89A9-FD1D-483E-BD15-83008943FE96}.Release|Any CPU.Build.0 = Release|Any CPU
		{E0A701BD-23C7-45C1-B969-E639B001C7E9}.Debug|Any CPU.ActiveCfg = Debug|Any CPU
		{E0A701BD-23C7-45C1-B969-E639B001C7E9}.Debug|Any CPU.Build.0 = Debug|Any CPU
		{E0A701BD-23C7-45C1-B969-E639B001C7E9}.Release|Any CPU.ActiveCfg = Release|Any CPU
		{E0A701BD-23C7-45C1-B969-E639B001C7E9}.Release|Any CPU.Build.0 = Release|Any CPU
		{79DF4237-68B8-4BA3-A9CC-298A96248CC1}.Debug|Any CPU.ActiveCfg = Debug|Any CPU
		{79DF4237-68B8-4BA3-A9CC-298A96248CC1}.Debug|Any CPU.Build.0 = Debug|Any CPU
		{79DF4237-68B8-4BA3-A9CC-298A96248CC1}.Release|Any CPU.ActiveCfg = Release|Any CPU
		{79DF4237-68B8-4BA3-A9CC-298A96248CC1}.Release|Any CPU.Build.0 = Release|Any CPU
		{CD708F54-3DB5-4D70-ABED-8843E61EC1A6}.Debug|Any CPU.ActiveCfg = Debug|Any CPU
		{CD708F54-3DB5-4D70-ABED-8843E61EC1A6}.Debug|Any CPU.Build.0 = Debug|Any CPU
		{CD708F54-3DB5-4D70-ABED-8843E61EC1A6}.Release|Any CPU.ActiveCfg = Release|Any CPU
		{CD708F54-3DB5-4D70-ABED-8843E61EC1A6}.Release|Any CPU.Build.0 = Release|Any CPU
		{BD73440D-607E-4002-B7A1-14C0194B5230}.Debug|Any CPU.ActiveCfg = Debug|Any CPU
		{BD73440D-607E-4002-B7A1-14C0194B5230}.Debug|Any CPU.Build.0 = Debug|Any CPU
		{BD73440D-607E-4002-B7A1-14C0194B5230}.Release|Any CPU.ActiveCfg = Release|Any CPU
		{BD73440D-607E-4002-B7A1-14C0194B5230}.Release|Any CPU.Build.0 = Release|Any CPU
		{02CB2B53-7670-47CC-93DF-6F941FB58C38}.Debug|Any CPU.ActiveCfg = Debug|Any CPU
		{02CB2B53-7670-47CC-93DF-6F941FB58C38}.Debug|Any CPU.Build.0 = Debug|Any CPU
		{02CB2B53-7670-47CC-93DF-6F941FB58C38}.Release|Any CPU.ActiveCfg = Release|Any CPU
		{02CB2B53-7670-47CC-93DF-6F941FB58C38}.Release|Any CPU.Build.0 = Release|Any CPU
		{963347ED-E02D-42D2-8A9C-05115E8B75C9}.Debug|Any CPU.ActiveCfg = Debug|Any CPU
		{963347ED-E02D-42D2-8A9C-05115E8B75C9}.Debug|Any CPU.Build.0 = Debug|Any CPU
		{963347ED-E02D-42D2-8A9C-05115E8B75C9}.Release|Any CPU.ActiveCfg = Release|Any CPU
		{963347ED-E02D-42D2-8A9C-05115E8B75C9}.Release|Any CPU.Build.0 = Release|Any CPU
		{D07AA2A7-1E9F-4168-849D-1F25AEAFD1F2}.Debug|Any CPU.ActiveCfg = Debug|Any CPU
		{D07AA2A7-1E9F-4168-849D-1F25AEAFD1F2}.Debug|Any CPU.Build.0 = Debug|Any CPU
		{D07AA2A7-1E9F-4168-849D-1F25AEAFD1F2}.Release|Any CPU.ActiveCfg = Release|Any CPU
		{D07AA2A7-1E9F-4168-849D-1F25AEAFD1F2}.Release|Any CPU.Build.0 = Release|Any CPU
		{81BF10AD-AD08-4D47-8150-96FA09227107}.Debug|Any CPU.ActiveCfg = Debug|Any CPU
		{81BF10AD-AD08-4D47-8150-96FA09227107}.Debug|Any CPU.Build.0 = Debug|Any CPU
		{81BF10AD-AD08-4D47-8150-96FA09227107}.Release|Any CPU.ActiveCfg = Release|Any CPU
		{81BF10AD-AD08-4D47-8150-96FA09227107}.Release|Any CPU.Build.0 = Release|Any CPU
		{142C4501-749C-4ECC-8F9E-452F204D65DE}.Debug|Any CPU.ActiveCfg = Debug|Any CPU
		{142C4501-749C-4ECC-8F9E-452F204D65DE}.Debug|Any CPU.Build.0 = Debug|Any CPU
		{142C4501-749C-4ECC-8F9E-452F204D65DE}.Release|Any CPU.ActiveCfg = Release|Any CPU
		{142C4501-749C-4ECC-8F9E-452F204D65DE}.Release|Any CPU.Build.0 = Release|Any CPU
		{F694FC4E-A899-4466-B26F-B0E4C6E50F18}.Debug|Any CPU.ActiveCfg = Debug|Any CPU
		{F694FC4E-A899-4466-B26F-B0E4C6E50F18}.Debug|Any CPU.Build.0 = Debug|Any CPU
		{F694FC4E-A899-4466-B26F-B0E4C6E50F18}.Release|Any CPU.ActiveCfg = Release|Any CPU
		{F694FC4E-A899-4466-B26F-B0E4C6E50F18}.Release|Any CPU.Build.0 = Release|Any CPU
		{FBAE6E8E-C678-4F9A-A642-B7B8D985907A}.Debug|Any CPU.ActiveCfg = Debug|Any CPU
		{FBAE6E8E-C678-4F9A-A642-B7B8D985907A}.Debug|Any CPU.Build.0 = Debug|Any CPU
		{FBAE6E8E-C678-4F9A-A642-B7B8D985907A}.Release|Any CPU.ActiveCfg = Release|Any CPU
		{FBAE6E8E-C678-4F9A-A642-B7B8D985907A}.Release|Any CPU.Build.0 = Release|Any CPU
		{4DE1B041-1D69-4291-BB69-981CBB7A8DA7}.Debug|Any CPU.ActiveCfg = Debug|Any CPU
		{4DE1B041-1D69-4291-BB69-981CBB7A8DA7}.Debug|Any CPU.Build.0 = Debug|Any CPU
		{4DE1B041-1D69-4291-BB69-981CBB7A8DA7}.Release|Any CPU.ActiveCfg = Release|Any CPU
		{4DE1B041-1D69-4291-BB69-981CBB7A8DA7}.Release|Any CPU.Build.0 = Release|Any CPU
		{83BBA2EF-6D75-430C-8E5D-20362913DE4D}.Debug|Any CPU.ActiveCfg = Debug|Any CPU
		{83BBA2EF-6D75-430C-8E5D-20362913DE4D}.Debug|Any CPU.Build.0 = Debug|Any CPU
		{83BBA2EF-6D75-430C-8E5D-20362913DE4D}.Release|Any CPU.ActiveCfg = Release|Any CPU
		{83BBA2EF-6D75-430C-8E5D-20362913DE4D}.Release|Any CPU.Build.0 = Release|Any CPU
		{CF9C9DB3-4178-4D3D-8232-4BE2B20C0D96}.Debug|Any CPU.ActiveCfg = Debug|Any CPU
		{CF9C9DB3-4178-4D3D-8232-4BE2B20C0D96}.Debug|Any CPU.Build.0 = Debug|Any CPU
		{CF9C9DB3-4178-4D3D-8232-4BE2B20C0D96}.Release|Any CPU.ActiveCfg = Release|Any CPU
		{CF9C9DB3-4178-4D3D-8232-4BE2B20C0D96}.Release|Any CPU.Build.0 = Release|Any CPU
		{DBB9BF00-A54A-4762-AAD6-B614ECA6078A}.Debug|Any CPU.ActiveCfg = Debug|Any CPU
		{DBB9BF00-A54A-4762-AAD6-B614ECA6078A}.Debug|Any CPU.Build.0 = Debug|Any CPU
		{DBB9BF00-A54A-4762-AAD6-B614ECA6078A}.Release|Any CPU.ActiveCfg = Release|Any CPU
		{DBB9BF00-A54A-4762-AAD6-B614ECA6078A}.Release|Any CPU.Build.0 = Release|Any CPU
		{21183CC3-A28E-4407-B3A9-714DC39FE759}.Debug|Any CPU.ActiveCfg = Debug|Any CPU
		{21183CC3-A28E-4407-B3A9-714DC39FE759}.Debug|Any CPU.Build.0 = Debug|Any CPU
		{21183CC3-A28E-4407-B3A9-714DC39FE759}.Release|Any CPU.ActiveCfg = Release|Any CPU
		{21183CC3-A28E-4407-B3A9-714DC39FE759}.Release|Any CPU.Build.0 = Release|Any CPU
		{6381CF54-FA9E-4F82-8608-02F12BA72502}.Debug|Any CPU.ActiveCfg = Debug|Any CPU
		{6381CF54-FA9E-4F82-8608-02F12BA72502}.Debug|Any CPU.Build.0 = Debug|Any CPU
		{6381CF54-FA9E-4F82-8608-02F12BA72502}.Release|Any CPU.ActiveCfg = Release|Any CPU
		{6381CF54-FA9E-4F82-8608-02F12BA72502}.Release|Any CPU.Build.0 = Release|Any CPU
		{A5392E49-E397-44D1-8A44-1E4D88ABAB3B}.Debug|Any CPU.ActiveCfg = Debug|Any CPU
		{A5392E49-E397-44D1-8A44-1E4D88ABAB3B}.Debug|Any CPU.Build.0 = Debug|Any CPU
		{A5392E49-E397-44D1-8A44-1E4D88ABAB3B}.Release|Any CPU.ActiveCfg = Release|Any CPU
		{A5392E49-E397-44D1-8A44-1E4D88ABAB3B}.Release|Any CPU.Build.0 = Release|Any CPU
		{A5CC3CCE-2816-434A-AC32-FCF4251BDCAC}.Debug|Any CPU.ActiveCfg = Debug|Any CPU
		{A5CC3CCE-2816-434A-AC32-FCF4251BDCAC}.Debug|Any CPU.Build.0 = Debug|Any CPU
		{A5CC3CCE-2816-434A-AC32-FCF4251BDCAC}.Release|Any CPU.ActiveCfg = Release|Any CPU
		{A5CC3CCE-2816-434A-AC32-FCF4251BDCAC}.Release|Any CPU.Build.0 = Release|Any CPU
		{31A651CD-25D0-4131-B773-0A34495164D5}.Debug|Any CPU.ActiveCfg = Debug|Any CPU
		{31A651CD-25D0-4131-B773-0A34495164D5}.Debug|Any CPU.Build.0 = Debug|Any CPU
		{31A651CD-25D0-4131-B773-0A34495164D5}.Release|Any CPU.ActiveCfg = Release|Any CPU
		{31A651CD-25D0-4131-B773-0A34495164D5}.Release|Any CPU.Build.0 = Release|Any CPU
		{BD5E5333-2C20-4009-BF58-BFB930AD6B6C}.Debug|Any CPU.ActiveCfg = Debug|Any CPU
		{BD5E5333-2C20-4009-BF58-BFB930AD6B6C}.Debug|Any CPU.Build.0 = Debug|Any CPU
		{BD5E5333-2C20-4009-BF58-BFB930AD6B6C}.Release|Any CPU.ActiveCfg = Release|Any CPU
		{BD5E5333-2C20-4009-BF58-BFB930AD6B6C}.Release|Any CPU.Build.0 = Release|Any CPU
		{2E815BDB-DB3D-4EB1-B24C-34FF6B9E6113}.Debug|Any CPU.ActiveCfg = Debug|Any CPU
		{2E815BDB-DB3D-4EB1-B24C-34FF6B9E6113}.Debug|Any CPU.Build.0 = Debug|Any CPU
		{2E815BDB-DB3D-4EB1-B24C-34FF6B9E6113}.Release|Any CPU.ActiveCfg = Release|Any CPU
		{2E815BDB-DB3D-4EB1-B24C-34FF6B9E6113}.Release|Any CPU.Build.0 = Release|Any CPU
		{80C1E995-835D-4586-AEAD-D775039FB2BD}.Debug|Any CPU.ActiveCfg = Debug|Any CPU
		{80C1E995-835D-4586-AEAD-D775039FB2BD}.Debug|Any CPU.Build.0 = Debug|Any CPU
		{80C1E995-835D-4586-AEAD-D775039FB2BD}.Release|Any CPU.ActiveCfg = Release|Any CPU
		{80C1E995-835D-4586-AEAD-D775039FB2BD}.Release|Any CPU.Build.0 = Release|Any CPU
		{073470C0-3CFE-4C53-AA24-B3E75CB1BFE3}.Debug|Any CPU.ActiveCfg = Debug|Any CPU
		{073470C0-3CFE-4C53-AA24-B3E75CB1BFE3}.Debug|Any CPU.Build.0 = Debug|Any CPU
		{073470C0-3CFE-4C53-AA24-B3E75CB1BFE3}.Release|Any CPU.ActiveCfg = Release|Any CPU
		{073470C0-3CFE-4C53-AA24-B3E75CB1BFE3}.Release|Any CPU.Build.0 = Release|Any CPU
		{8B96E54E-5391-4B61-97D5-B31FC7963BEA}.Debug|Any CPU.ActiveCfg = Debug|Any CPU
		{8B96E54E-5391-4B61-97D5-B31FC7963BEA}.Debug|Any CPU.Build.0 = Debug|Any CPU
		{8B96E54E-5391-4B61-97D5-B31FC7963BEA}.Release|Any CPU.ActiveCfg = Release|Any CPU
		{8B96E54E-5391-4B61-97D5-B31FC7963BEA}.Release|Any CPU.Build.0 = Release|Any CPU
		{A54E1897-B755-4D15-8575-6589E17ECADE}.Debug|Any CPU.ActiveCfg = Debug|Any CPU
		{A54E1897-B755-4D15-8575-6589E17ECADE}.Debug|Any CPU.Build.0 = Debug|Any CPU
		{A54E1897-B755-4D15-8575-6589E17ECADE}.Release|Any CPU.ActiveCfg = Release|Any CPU
		{A54E1897-B755-4D15-8575-6589E17ECADE}.Release|Any CPU.Build.0 = Release|Any CPU
		{9B9E8E86-601F-4C10-B6EF-348AF9A168AA}.Debug|Any CPU.ActiveCfg = Debug|Any CPU
		{9B9E8E86-601F-4C10-B6EF-348AF9A168AA}.Debug|Any CPU.Build.0 = Debug|Any CPU
		{9B9E8E86-601F-4C10-B6EF-348AF9A168AA}.Release|Any CPU.ActiveCfg = Release|Any CPU
		{9B9E8E86-601F-4C10-B6EF-348AF9A168AA}.Release|Any CPU.Build.0 = Release|Any CPU
		{D8990183-52BA-4A1F-B333-5B32AAF14348}.Debug|Any CPU.ActiveCfg = Debug|Any CPU
		{D8990183-52BA-4A1F-B333-5B32AAF14348}.Debug|Any CPU.Build.0 = Debug|Any CPU
		{D8990183-52BA-4A1F-B333-5B32AAF14348}.Release|Any CPU.ActiveCfg = Release|Any CPU
		{D8990183-52BA-4A1F-B333-5B32AAF14348}.Release|Any CPU.Build.0 = Release|Any CPU
		{28F22CA5-7CE5-4D2E-8E0E-AD1D9A11C0C8}.Debug|Any CPU.ActiveCfg = Debug|Any CPU
		{28F22CA5-7CE5-4D2E-8E0E-AD1D9A11C0C8}.Debug|Any CPU.Build.0 = Debug|Any CPU
		{28F22CA5-7CE5-4D2E-8E0E-AD1D9A11C0C8}.Release|Any CPU.ActiveCfg = Release|Any CPU
		{28F22CA5-7CE5-4D2E-8E0E-AD1D9A11C0C8}.Release|Any CPU.Build.0 = Release|Any CPU
		{C31490BE-8D6F-4F0B-ABC7-9D3B97FE20C4}.Debug|Any CPU.ActiveCfg = Debug|Any CPU
		{C31490BE-8D6F-4F0B-ABC7-9D3B97FE20C4}.Debug|Any CPU.Build.0 = Debug|Any CPU
		{C31490BE-8D6F-4F0B-ABC7-9D3B97FE20C4}.Release|Any CPU.ActiveCfg = Release|Any CPU
		{C31490BE-8D6F-4F0B-ABC7-9D3B97FE20C4}.Release|Any CPU.Build.0 = Release|Any CPU
		{DCBF3583-DC87-46BE-93DC-C345E779D95C}.Debug|Any CPU.ActiveCfg = Debug|Any CPU
		{DCBF3583-DC87-46BE-93DC-C345E779D95C}.Debug|Any CPU.Build.0 = Debug|Any CPU
		{DCBF3583-DC87-46BE-93DC-C345E779D95C}.Release|Any CPU.ActiveCfg = Release|Any CPU
		{DCBF3583-DC87-46BE-93DC-C345E779D95C}.Release|Any CPU.Build.0 = Release|Any CPU
		{FE9773EF-DFB8-4308-869B-EABD0776C828}.Debug|Any CPU.ActiveCfg = Debug|Any CPU
		{FE9773EF-DFB8-4308-869B-EABD0776C828}.Debug|Any CPU.Build.0 = Debug|Any CPU
		{FE9773EF-DFB8-4308-869B-EABD0776C828}.Release|Any CPU.ActiveCfg = Release|Any CPU
		{FE9773EF-DFB8-4308-869B-EABD0776C828}.Release|Any CPU.Build.0 = Release|Any CPU
	EndGlobalSection
	GlobalSection(SolutionProperties) = preSolution
		HideSolutionNode = FALSE
	EndGlobalSection
	GlobalSection(NestedProjects) = preSolution
		{A12A3C14-DA68-4E9F-A9BB-53FF587C0A51} = {3A61DBD3-B2D4-45D7-9CB6-9BC4C9586467}
		{323B466B-D2DB-4774-993A-61B2A66715E6} = {3A61DBD3-B2D4-45D7-9CB6-9BC4C9586467}
		{AD400B3E-073B-4BBD-AF0F-EFAAF48A3E58} = {3A61DBD3-B2D4-45D7-9CB6-9BC4C9586467}
		{A47CFB75-1972-4BFB-98A1-9933FD5E086F} = {E1ADFCCC-1FF7-40E6-8D82-301F3FA909A7}
		{AE6D7A1A-E034-470B-8AB5-793AFE4C9C51} = {937A8411-5A71-43D8-906A-35614DEFD201}
		{7BFA62FE-3066-45C1-B675-2266A28D0F96} = {E1ADFCCC-1FF7-40E6-8D82-301F3FA909A7}
		{9BDAC0A4-FDCA-40D6-927D-8E1DE01F5F17} = {3A61DBD3-B2D4-45D7-9CB6-9BC4C9586467}
		{687A7181-BBAE-4AD0-BF8E-47EE00311938} = {198995B8-A14C-4890-BF05-10C65C1E790F}
		{682DDE9F-2868-4477-B159-9EB7D255D565} = {198995B8-A14C-4890-BF05-10C65C1E790F}
		{ABA8CD5A-BEF7-4962-9C23-AE69F430CC1B} = {198995B8-A14C-4890-BF05-10C65C1E790F}
		{40B97A2D-B75C-417B-90DB-4EE423250314} = {E1ADFCCC-1FF7-40E6-8D82-301F3FA909A7}
		{96AD14C8-67A1-4DC4-8593-F2D64F999223} = {3A61DBD3-B2D4-45D7-9CB6-9BC4C9586467}
		{9A53EEBB-3DE4-41FD-8552-94F79E88D674} = {8546F1DA-6055-4224-8A2B-36CDE94CBD07}
		{FE8338CF-3245-4B4E-BAA1-4643A6AB668E} = {C1B3BF4F-54CA-4100-AA4E-EA91B17704B8}
		{15E7492F-ACCE-4267-A52A-2ABF44690F64} = {C1B3BF4F-54CA-4100-AA4E-EA91B17704B8}
		{B6719E71-5BBE-4F24-B728-EE92AC5C8E07} = {3A61DBD3-B2D4-45D7-9CB6-9BC4C9586467}
		{5AF185E2-6CDD-47E6-8B93-4624F0A8CA66} = {C1B3BF4F-54CA-4100-AA4E-EA91B17704B8}
		{F2388615-C86A-4C2B-8832-F837E68D3835} = {2BE7CEE7-58EF-4087-8D7C-B74CE7969A5C}
		{313D64E3-8DF7-4A07-B60C-78A0DA380466} = {2BE7CEE7-58EF-4087-8D7C-B74CE7969A5C}
		{039F89A9-FD1D-483E-BD15-83008943FE96} = {2BE7CEE7-58EF-4087-8D7C-B74CE7969A5C}
		{E0A701BD-23C7-45C1-B969-E639B001C7E9} = {2E941CDF-4D51-4DB2-AEED-B4C44F9918CA}
		{79DF4237-68B8-4BA3-A9CC-298A96248CC1} = {2E941CDF-4D51-4DB2-AEED-B4C44F9918CA}
		{CD708F54-3DB5-4D70-ABED-8843E61EC1A6} = {2E941CDF-4D51-4DB2-AEED-B4C44F9918CA}
		{BD73440D-607E-4002-B7A1-14C0194B5230} = {F589D54E-8BFF-45BD-85A8-0C1FCF4F58F3}
		{02CB2B53-7670-47CC-93DF-6F941FB58C38} = {F589D54E-8BFF-45BD-85A8-0C1FCF4F58F3}
		{81BF10AD-AD08-4D47-8150-96FA09227107} = {F589D54E-8BFF-45BD-85A8-0C1FCF4F58F3}
		{4DE1B041-1D69-4291-BB69-981CBB7A8DA7} = {F589D54E-8BFF-45BD-85A8-0C1FCF4F58F3}
		{CF9C9DB3-4178-4D3D-8232-4BE2B20C0D96} = {F589D54E-8BFF-45BD-85A8-0C1FCF4F58F3}
		{21183CC3-A28E-4407-B3A9-714DC39FE759} = {F589D54E-8BFF-45BD-85A8-0C1FCF4F58F3}
		{A5CC3CCE-2816-434A-AC32-FCF4251BDCAC} = {937A8411-5A71-43D8-906A-35614DEFD201}
		{BD5E5333-2C20-4009-BF58-BFB930AD6B6C} = {F589D54E-8BFF-45BD-85A8-0C1FCF4F58F3}
		{A80097AA-4EAB-4E8A-97D1-7B480DCD5407} = {198995B8-A14C-4890-BF05-10C65C1E790F}
		{57F325D0-5499-4BA3-9273-DAF208C20210} = {A80097AA-4EAB-4E8A-97D1-7B480DCD5407}
		{80C1E995-835D-4586-AEAD-D775039FB2BD} = {57F325D0-5499-4BA3-9273-DAF208C20210}
		{7D2ACE1A-2691-484E-B227-392B2CDEF2EA} = {A80097AA-4EAB-4E8A-97D1-7B480DCD5407}
		{6AC1E1EF-9B6F-43A2-BE49-3E5B2DDB3109} = {7D2ACE1A-2691-484E-B227-392B2CDEF2EA}
		{073470C0-3CFE-4C53-AA24-B3E75CB1BFE3} = {6AC1E1EF-9B6F-43A2-BE49-3E5B2DDB3109}
		{9B9E8E86-601F-4C10-B6EF-348AF9A168AA} = {3A61DBD3-B2D4-45D7-9CB6-9BC4C9586467}
		{D8990183-52BA-4A1F-B333-5B32AAF14348} = {3A61DBD3-B2D4-45D7-9CB6-9BC4C9586467}
		{28F22CA5-7CE5-4D2E-8E0E-AD1D9A11C0C8} = {3A61DBD3-B2D4-45D7-9CB6-9BC4C9586467}
	EndGlobalSection
	GlobalSection(ExtensibilityGlobals) = postSolution
		SolutionGuid = {6EACF2AC-4BC4-46CE-B6EB-1556257C4C21}
	EndGlobalSection
	GlobalSection(ExtensibilityGlobals) = postSolution
		SolutionGuid = {6EACF2AC-4BC4-46CE-B6EB-1556257C4C21}
	EndGlobalSection
	GlobalSection(ProjectConfigurationPlatforms) = postSolution
		{A12A3C14-DA68-4E9F-A9BB-53FF587C0A51}.Debug|Any CPU.ActiveCfg = Debug|Any CPU
		{A12A3C14-DA68-4E9F-A9BB-53FF587C0A51}.Debug|Any CPU.Build.0 = Debug|Any CPU
		{A12A3C14-DA68-4E9F-A9BB-53FF587C0A51}.Release|Any CPU.ActiveCfg = Release|Any CPU
		{A12A3C14-DA68-4E9F-A9BB-53FF587C0A51}.Release|Any CPU.Build.0 = Release|Any CPU
		{323B466B-D2DB-4774-993A-61B2A66715E6}.Debug|Any CPU.ActiveCfg = Debug|Any CPU
		{323B466B-D2DB-4774-993A-61B2A66715E6}.Debug|Any CPU.Build.0 = Debug|Any CPU
		{323B466B-D2DB-4774-993A-61B2A66715E6}.Release|Any CPU.ActiveCfg = Release|Any CPU
		{323B466B-D2DB-4774-993A-61B2A66715E6}.Release|Any CPU.Build.0 = Release|Any CPU
		{AD400B3E-073B-4BBD-AF0F-EFAAF48A3E58}.Debug|Any CPU.ActiveCfg = Debug|Any CPU
		{AD400B3E-073B-4BBD-AF0F-EFAAF48A3E58}.Debug|Any CPU.Build.0 = Debug|Any CPU
		{AD400B3E-073B-4BBD-AF0F-EFAAF48A3E58}.Release|Any CPU.ActiveCfg = Release|Any CPU
		{AD400B3E-073B-4BBD-AF0F-EFAAF48A3E58}.Release|Any CPU.Build.0 = Release|Any CPU
		{A47CFB75-1972-4BFB-98A1-9933FD5E086F}.Debug|Any CPU.ActiveCfg = Debug|Any CPU
		{A47CFB75-1972-4BFB-98A1-9933FD5E086F}.Debug|Any CPU.Build.0 = Debug|Any CPU
		{A47CFB75-1972-4BFB-98A1-9933FD5E086F}.Release|Any CPU.ActiveCfg = Release|Any CPU
		{A47CFB75-1972-4BFB-98A1-9933FD5E086F}.Release|Any CPU.Build.0 = Release|Any CPU
		{11BE4A36-F6EC-422E-98F3-D27D4A7717B5}.Debug|Any CPU.ActiveCfg = Debug|Any CPU
		{11BE4A36-F6EC-422E-98F3-D27D4A7717B5}.Debug|Any CPU.Build.0 = Debug|Any CPU
		{11BE4A36-F6EC-422E-98F3-D27D4A7717B5}.Release|Any CPU.ActiveCfg = Release|Any CPU
		{11BE4A36-F6EC-422E-98F3-D27D4A7717B5}.Release|Any CPU.Build.0 = Release|Any CPU
		{AE6D7A1A-E034-470B-8AB5-793AFE4C9C51}.Debug|Any CPU.ActiveCfg = Debug|Any CPU
		{AE6D7A1A-E034-470B-8AB5-793AFE4C9C51}.Debug|Any CPU.Build.0 = Debug|Any CPU
		{AE6D7A1A-E034-470B-8AB5-793AFE4C9C51}.Release|Any CPU.ActiveCfg = Release|Any CPU
		{AE6D7A1A-E034-470B-8AB5-793AFE4C9C51}.Release|Any CPU.Build.0 = Release|Any CPU
		{7BFA62FE-3066-45C1-B675-2266A28D0F96}.Debug|Any CPU.ActiveCfg = Debug|Any CPU
		{7BFA62FE-3066-45C1-B675-2266A28D0F96}.Debug|Any CPU.Build.0 = Debug|Any CPU
		{7BFA62FE-3066-45C1-B675-2266A28D0F96}.Release|Any CPU.ActiveCfg = Release|Any CPU
		{7BFA62FE-3066-45C1-B675-2266A28D0F96}.Release|Any CPU.Build.0 = Release|Any CPU
		{9BDAC0A4-FDCA-40D6-927D-8E1DE01F5F17}.Debug|Any CPU.ActiveCfg = Debug|Any CPU
		{9BDAC0A4-FDCA-40D6-927D-8E1DE01F5F17}.Debug|Any CPU.Build.0 = Debug|Any CPU
		{9BDAC0A4-FDCA-40D6-927D-8E1DE01F5F17}.Release|Any CPU.ActiveCfg = Release|Any CPU
		{9BDAC0A4-FDCA-40D6-927D-8E1DE01F5F17}.Release|Any CPU.Build.0 = Release|Any CPU
		{687A7181-BBAE-4AD0-BF8E-47EE00311938}.Debug|Any CPU.ActiveCfg = Debug|Any CPU
		{687A7181-BBAE-4AD0-BF8E-47EE00311938}.Debug|Any CPU.Build.0 = Debug|Any CPU
		{687A7181-BBAE-4AD0-BF8E-47EE00311938}.Release|Any CPU.ActiveCfg = Release|Any CPU
		{687A7181-BBAE-4AD0-BF8E-47EE00311938}.Release|Any CPU.Build.0 = Release|Any CPU
		{682DDE9F-2868-4477-B159-9EB7D255D565}.Debug|Any CPU.ActiveCfg = Debug|Any CPU
		{682DDE9F-2868-4477-B159-9EB7D255D565}.Debug|Any CPU.Build.0 = Debug|Any CPU
		{682DDE9F-2868-4477-B159-9EB7D255D565}.Release|Any CPU.ActiveCfg = Release|Any CPU
		{682DDE9F-2868-4477-B159-9EB7D255D565}.Release|Any CPU.Build.0 = Release|Any CPU
		{8DF1A047-4800-4668-877F-8AC8708AB238}.Debug|Any CPU.ActiveCfg = Debug|Any CPU
		{8DF1A047-4800-4668-877F-8AC8708AB238}.Debug|Any CPU.Build.0 = Debug|Any CPU
		{8DF1A047-4800-4668-877F-8AC8708AB238}.Release|Any CPU.ActiveCfg = Release|Any CPU
		{8DF1A047-4800-4668-877F-8AC8708AB238}.Release|Any CPU.Build.0 = Release|Any CPU
		{EB66E913-21D4-491D-8674-9DD4B20CA820}.Debug|Any CPU.ActiveCfg = Debug|Any CPU
		{EB66E913-21D4-491D-8674-9DD4B20CA820}.Debug|Any CPU.Build.0 = Debug|Any CPU
		{EB66E913-21D4-491D-8674-9DD4B20CA820}.Release|Any CPU.ActiveCfg = Release|Any CPU
		{EB66E913-21D4-491D-8674-9DD4B20CA820}.Release|Any CPU.Build.0 = Release|Any CPU
		{ABA8CD5A-BEF7-4962-9C23-AE69F430CC1B}.Debug|Any CPU.ActiveCfg = Debug|Any CPU
		{ABA8CD5A-BEF7-4962-9C23-AE69F430CC1B}.Debug|Any CPU.Build.0 = Debug|Any CPU
		{ABA8CD5A-BEF7-4962-9C23-AE69F430CC1B}.Release|Any CPU.ActiveCfg = Release|Any CPU
		{ABA8CD5A-BEF7-4962-9C23-AE69F430CC1B}.Release|Any CPU.Build.0 = Release|Any CPU
		{40B97A2D-B75C-417B-90DB-4EE423250314}.Debug|Any CPU.ActiveCfg = Debug|Any CPU
		{40B97A2D-B75C-417B-90DB-4EE423250314}.Debug|Any CPU.Build.0 = Debug|Any CPU
		{40B97A2D-B75C-417B-90DB-4EE423250314}.Release|Any CPU.ActiveCfg = Release|Any CPU
		{40B97A2D-B75C-417B-90DB-4EE423250314}.Release|Any CPU.Build.0 = Release|Any CPU
		{70B919BD-95C8-4789-B29E-07F6205CBF5C}.Debug|Any CPU.ActiveCfg = Debug|Any CPU
		{70B919BD-95C8-4789-B29E-07F6205CBF5C}.Debug|Any CPU.Build.0 = Debug|Any CPU
		{70B919BD-95C8-4789-B29E-07F6205CBF5C}.Release|Any CPU.ActiveCfg = Release|Any CPU
		{70B919BD-95C8-4789-B29E-07F6205CBF5C}.Release|Any CPU.Build.0 = Release|Any CPU
		{D6EC5F88-1726-485B-AF84-9737293E7250}.Debug|Any CPU.ActiveCfg = Debug|Any CPU
		{D6EC5F88-1726-485B-AF84-9737293E7250}.Debug|Any CPU.Build.0 = Debug|Any CPU
		{D6EC5F88-1726-485B-AF84-9737293E7250}.Release|Any CPU.ActiveCfg = Release|Any CPU
		{D6EC5F88-1726-485B-AF84-9737293E7250}.Release|Any CPU.Build.0 = Release|Any CPU
		{96AD14C8-67A1-4DC4-8593-F2D64F999223}.Debug|Any CPU.ActiveCfg = Debug|Any CPU
		{96AD14C8-67A1-4DC4-8593-F2D64F999223}.Debug|Any CPU.Build.0 = Debug|Any CPU
		{96AD14C8-67A1-4DC4-8593-F2D64F999223}.Release|Any CPU.ActiveCfg = Release|Any CPU
		{96AD14C8-67A1-4DC4-8593-F2D64F999223}.Release|Any CPU.Build.0 = Release|Any CPU
		{9A53EEBB-3DE4-41FD-8552-94F79E88D674}.Debug|Any CPU.ActiveCfg = Debug|Any CPU
		{9A53EEBB-3DE4-41FD-8552-94F79E88D674}.Debug|Any CPU.Build.0 = Debug|Any CPU
		{9A53EEBB-3DE4-41FD-8552-94F79E88D674}.Release|Any CPU.ActiveCfg = Release|Any CPU
		{9A53EEBB-3DE4-41FD-8552-94F79E88D674}.Release|Any CPU.Build.0 = Release|Any CPU
		{FE8338CF-3245-4B4E-BAA1-4643A6AB668E}.Debug|Any CPU.ActiveCfg = Debug|Any CPU
		{FE8338CF-3245-4B4E-BAA1-4643A6AB668E}.Debug|Any CPU.Build.0 = Debug|Any CPU
		{FE8338CF-3245-4B4E-BAA1-4643A6AB668E}.Release|Any CPU.ActiveCfg = Release|Any CPU
		{FE8338CF-3245-4B4E-BAA1-4643A6AB668E}.Release|Any CPU.Build.0 = Release|Any CPU
		{15E7492F-ACCE-4267-A52A-2ABF44690F64}.Debug|Any CPU.ActiveCfg = Debug|Any CPU
		{15E7492F-ACCE-4267-A52A-2ABF44690F64}.Debug|Any CPU.Build.0 = Debug|Any CPU
		{15E7492F-ACCE-4267-A52A-2ABF44690F64}.Release|Any CPU.ActiveCfg = Release|Any CPU
		{15E7492F-ACCE-4267-A52A-2ABF44690F64}.Release|Any CPU.Build.0 = Release|Any CPU
		{D3CF4C1D-9D0E-414E-8A3D-08291B891805}.Debug|Any CPU.ActiveCfg = Debug|Any CPU
		{D3CF4C1D-9D0E-414E-8A3D-08291B891805}.Debug|Any CPU.Build.0 = Debug|Any CPU
		{D3CF4C1D-9D0E-414E-8A3D-08291B891805}.Release|Any CPU.ActiveCfg = Release|Any CPU
		{D3CF4C1D-9D0E-414E-8A3D-08291B891805}.Release|Any CPU.Build.0 = Release|Any CPU
		{A99A0090-6DDF-45D7-B387-025C986DF078}.Debug|Any CPU.ActiveCfg = Debug|Any CPU
		{A99A0090-6DDF-45D7-B387-025C986DF078}.Debug|Any CPU.Build.0 = Debug|Any CPU
		{A99A0090-6DDF-45D7-B387-025C986DF078}.Release|Any CPU.ActiveCfg = Release|Any CPU
		{A99A0090-6DDF-45D7-B387-025C986DF078}.Release|Any CPU.Build.0 = Release|Any CPU
		{B6719E71-5BBE-4F24-B728-EE92AC5C8E07}.Debug|Any CPU.ActiveCfg = Debug|Any CPU
		{B6719E71-5BBE-4F24-B728-EE92AC5C8E07}.Debug|Any CPU.Build.0 = Debug|Any CPU
		{B6719E71-5BBE-4F24-B728-EE92AC5C8E07}.Release|Any CPU.ActiveCfg = Release|Any CPU
		{B6719E71-5BBE-4F24-B728-EE92AC5C8E07}.Release|Any CPU.Build.0 = Release|Any CPU
		{5AF185E2-6CDD-47E6-8B93-4624F0A8CA66}.Debug|Any CPU.ActiveCfg = Debug|Any CPU
		{5AF185E2-6CDD-47E6-8B93-4624F0A8CA66}.Debug|Any CPU.Build.0 = Debug|Any CPU
		{5AF185E2-6CDD-47E6-8B93-4624F0A8CA66}.Release|Any CPU.ActiveCfg = Release|Any CPU
		{5AF185E2-6CDD-47E6-8B93-4624F0A8CA66}.Release|Any CPU.Build.0 = Release|Any CPU
		{F2388615-C86A-4C2B-8832-F837E68D3835}.Debug|Any CPU.ActiveCfg = Debug|Any CPU
		{F2388615-C86A-4C2B-8832-F837E68D3835}.Debug|Any CPU.Build.0 = Debug|Any CPU
		{F2388615-C86A-4C2B-8832-F837E68D3835}.Release|Any CPU.ActiveCfg = Release|Any CPU
		{F2388615-C86A-4C2B-8832-F837E68D3835}.Release|Any CPU.Build.0 = Release|Any CPU
		{313D64E3-8DF7-4A07-B60C-78A0DA380466}.Debug|Any CPU.ActiveCfg = Debug|Any CPU
		{313D64E3-8DF7-4A07-B60C-78A0DA380466}.Debug|Any CPU.Build.0 = Debug|Any CPU
		{313D64E3-8DF7-4A07-B60C-78A0DA380466}.Release|Any CPU.ActiveCfg = Release|Any CPU
		{313D64E3-8DF7-4A07-B60C-78A0DA380466}.Release|Any CPU.Build.0 = Release|Any CPU
		{039F89A9-FD1D-483E-BD15-83008943FE96}.Debug|Any CPU.ActiveCfg = Debug|Any CPU
		{039F89A9-FD1D-483E-BD15-83008943FE96}.Debug|Any CPU.Build.0 = Debug|Any CPU
		{039F89A9-FD1D-483E-BD15-83008943FE96}.Release|Any CPU.ActiveCfg = Release|Any CPU
		{039F89A9-FD1D-483E-BD15-83008943FE96}.Release|Any CPU.Build.0 = Release|Any CPU
		{E0A701BD-23C7-45C1-B969-E639B001C7E9}.Debug|Any CPU.ActiveCfg = Debug|Any CPU
		{E0A701BD-23C7-45C1-B969-E639B001C7E9}.Debug|Any CPU.Build.0 = Debug|Any CPU
		{E0A701BD-23C7-45C1-B969-E639B001C7E9}.Release|Any CPU.ActiveCfg = Release|Any CPU
		{E0A701BD-23C7-45C1-B969-E639B001C7E9}.Release|Any CPU.Build.0 = Release|Any CPU
		{79DF4237-68B8-4BA3-A9CC-298A96248CC1}.Debug|Any CPU.ActiveCfg = Debug|Any CPU
		{79DF4237-68B8-4BA3-A9CC-298A96248CC1}.Debug|Any CPU.Build.0 = Debug|Any CPU
		{79DF4237-68B8-4BA3-A9CC-298A96248CC1}.Release|Any CPU.ActiveCfg = Release|Any CPU
		{79DF4237-68B8-4BA3-A9CC-298A96248CC1}.Release|Any CPU.Build.0 = Release|Any CPU
		{CD708F54-3DB5-4D70-ABED-8843E61EC1A6}.Debug|Any CPU.ActiveCfg = Debug|Any CPU
		{CD708F54-3DB5-4D70-ABED-8843E61EC1A6}.Debug|Any CPU.Build.0 = Debug|Any CPU
		{CD708F54-3DB5-4D70-ABED-8843E61EC1A6}.Release|Any CPU.ActiveCfg = Release|Any CPU
		{CD708F54-3DB5-4D70-ABED-8843E61EC1A6}.Release|Any CPU.Build.0 = Release|Any CPU
		{BD73440D-607E-4002-B7A1-14C0194B5230}.Debug|Any CPU.ActiveCfg = Debug|Any CPU
		{BD73440D-607E-4002-B7A1-14C0194B5230}.Debug|Any CPU.Build.0 = Debug|Any CPU
		{BD73440D-607E-4002-B7A1-14C0194B5230}.Release|Any CPU.ActiveCfg = Release|Any CPU
		{BD73440D-607E-4002-B7A1-14C0194B5230}.Release|Any CPU.Build.0 = Release|Any CPU
		{02CB2B53-7670-47CC-93DF-6F941FB58C38}.Debug|Any CPU.ActiveCfg = Debug|Any CPU
		{02CB2B53-7670-47CC-93DF-6F941FB58C38}.Debug|Any CPU.Build.0 = Debug|Any CPU
		{02CB2B53-7670-47CC-93DF-6F941FB58C38}.Release|Any CPU.ActiveCfg = Release|Any CPU
		{02CB2B53-7670-47CC-93DF-6F941FB58C38}.Release|Any CPU.Build.0 = Release|Any CPU
		{963347ED-E02D-42D2-8A9C-05115E8B75C9}.Debug|Any CPU.ActiveCfg = Debug|Any CPU
		{963347ED-E02D-42D2-8A9C-05115E8B75C9}.Debug|Any CPU.Build.0 = Debug|Any CPU
		{963347ED-E02D-42D2-8A9C-05115E8B75C9}.Release|Any CPU.ActiveCfg = Release|Any CPU
		{963347ED-E02D-42D2-8A9C-05115E8B75C9}.Release|Any CPU.Build.0 = Release|Any CPU
		{D07AA2A7-1E9F-4168-849D-1F25AEAFD1F2}.Debug|Any CPU.ActiveCfg = Debug|Any CPU
		{D07AA2A7-1E9F-4168-849D-1F25AEAFD1F2}.Debug|Any CPU.Build.0 = Debug|Any CPU
		{D07AA2A7-1E9F-4168-849D-1F25AEAFD1F2}.Release|Any CPU.ActiveCfg = Release|Any CPU
		{D07AA2A7-1E9F-4168-849D-1F25AEAFD1F2}.Release|Any CPU.Build.0 = Release|Any CPU
		{81BF10AD-AD08-4D47-8150-96FA09227107}.Debug|Any CPU.ActiveCfg = Debug|Any CPU
		{81BF10AD-AD08-4D47-8150-96FA09227107}.Debug|Any CPU.Build.0 = Debug|Any CPU
		{81BF10AD-AD08-4D47-8150-96FA09227107}.Release|Any CPU.ActiveCfg = Release|Any CPU
		{81BF10AD-AD08-4D47-8150-96FA09227107}.Release|Any CPU.Build.0 = Release|Any CPU
		{AA690015-629F-41A3-903C-7A65845691DC}.Debug|Any CPU.ActiveCfg = Debug|Any CPU
		{AA690015-629F-41A3-903C-7A65845691DC}.Debug|Any CPU.Build.0 = Debug|Any CPU
		{AA690015-629F-41A3-903C-7A65845691DC}.Release|Any CPU.ActiveCfg = Release|Any CPU
		{AA690015-629F-41A3-903C-7A65845691DC}.Release|Any CPU.Build.0 = Release|Any CPU
		{142C4501-749C-4ECC-8F9E-452F204D65DE}.Debug|Any CPU.ActiveCfg = Debug|Any CPU
		{142C4501-749C-4ECC-8F9E-452F204D65DE}.Debug|Any CPU.Build.0 = Debug|Any CPU
		{142C4501-749C-4ECC-8F9E-452F204D65DE}.Release|Any CPU.ActiveCfg = Release|Any CPU
		{142C4501-749C-4ECC-8F9E-452F204D65DE}.Release|Any CPU.Build.0 = Release|Any CPU
		{F694FC4E-A899-4466-B26F-B0E4C6E50F18}.Debug|Any CPU.ActiveCfg = Debug|Any CPU
		{F694FC4E-A899-4466-B26F-B0E4C6E50F18}.Debug|Any CPU.Build.0 = Debug|Any CPU
		{F694FC4E-A899-4466-B26F-B0E4C6E50F18}.Release|Any CPU.ActiveCfg = Release|Any CPU
		{F694FC4E-A899-4466-B26F-B0E4C6E50F18}.Release|Any CPU.Build.0 = Release|Any CPU
		{FBAE6E8E-C678-4F9A-A642-B7B8D985907A}.Debug|Any CPU.ActiveCfg = Debug|Any CPU
		{FBAE6E8E-C678-4F9A-A642-B7B8D985907A}.Debug|Any CPU.Build.0 = Debug|Any CPU
		{FBAE6E8E-C678-4F9A-A642-B7B8D985907A}.Release|Any CPU.ActiveCfg = Release|Any CPU
		{FBAE6E8E-C678-4F9A-A642-B7B8D985907A}.Release|Any CPU.Build.0 = Release|Any CPU
		{4DE1B041-1D69-4291-BB69-981CBB7A8DA7}.Debug|Any CPU.ActiveCfg = Debug|Any CPU
		{4DE1B041-1D69-4291-BB69-981CBB7A8DA7}.Debug|Any CPU.Build.0 = Debug|Any CPU
		{4DE1B041-1D69-4291-BB69-981CBB7A8DA7}.Release|Any CPU.ActiveCfg = Release|Any CPU
		{4DE1B041-1D69-4291-BB69-981CBB7A8DA7}.Release|Any CPU.Build.0 = Release|Any CPU
		{83BBA2EF-6D75-430C-8E5D-20362913DE4D}.Debug|Any CPU.ActiveCfg = Debug|Any CPU
		{83BBA2EF-6D75-430C-8E5D-20362913DE4D}.Debug|Any CPU.Build.0 = Debug|Any CPU
		{83BBA2EF-6D75-430C-8E5D-20362913DE4D}.Release|Any CPU.ActiveCfg = Release|Any CPU
		{83BBA2EF-6D75-430C-8E5D-20362913DE4D}.Release|Any CPU.Build.0 = Release|Any CPU
		{CF9C9DB3-4178-4D3D-8232-4BE2B20C0D96}.Debug|Any CPU.ActiveCfg = Debug|Any CPU
		{CF9C9DB3-4178-4D3D-8232-4BE2B20C0D96}.Debug|Any CPU.Build.0 = Debug|Any CPU
		{CF9C9DB3-4178-4D3D-8232-4BE2B20C0D96}.Release|Any CPU.ActiveCfg = Release|Any CPU
		{CF9C9DB3-4178-4D3D-8232-4BE2B20C0D96}.Release|Any CPU.Build.0 = Release|Any CPU
		{68D94C46-00AB-4FD0-8AFB-06C03BC26DAF}.Debug|Any CPU.ActiveCfg = Debug|Any CPU
		{68D94C46-00AB-4FD0-8AFB-06C03BC26DAF}.Debug|Any CPU.Build.0 = Debug|Any CPU
		{68D94C46-00AB-4FD0-8AFB-06C03BC26DAF}.Release|Any CPU.ActiveCfg = Release|Any CPU
		{68D94C46-00AB-4FD0-8AFB-06C03BC26DAF}.Release|Any CPU.Build.0 = Release|Any CPU
		{DBB9BF00-A54A-4762-AAD6-B614ECA6078A}.Debug|Any CPU.ActiveCfg = Debug|Any CPU
		{DBB9BF00-A54A-4762-AAD6-B614ECA6078A}.Debug|Any CPU.Build.0 = Debug|Any CPU
		{DBB9BF00-A54A-4762-AAD6-B614ECA6078A}.Release|Any CPU.ActiveCfg = Release|Any CPU
		{DBB9BF00-A54A-4762-AAD6-B614ECA6078A}.Release|Any CPU.Build.0 = Release|Any CPU
		{21183CC3-A28E-4407-B3A9-714DC39FE759}.Debug|Any CPU.ActiveCfg = Debug|Any CPU
		{21183CC3-A28E-4407-B3A9-714DC39FE759}.Debug|Any CPU.Build.0 = Debug|Any CPU
		{21183CC3-A28E-4407-B3A9-714DC39FE759}.Release|Any CPU.ActiveCfg = Release|Any CPU
		{21183CC3-A28E-4407-B3A9-714DC39FE759}.Release|Any CPU.Build.0 = Release|Any CPU
		{6381CF54-FA9E-4F82-8608-02F12BA72502}.Debug|Any CPU.ActiveCfg = Debug|Any CPU
		{6381CF54-FA9E-4F82-8608-02F12BA72502}.Debug|Any CPU.Build.0 = Debug|Any CPU
		{6381CF54-FA9E-4F82-8608-02F12BA72502}.Release|Any CPU.ActiveCfg = Release|Any CPU
		{6381CF54-FA9E-4F82-8608-02F12BA72502}.Release|Any CPU.Build.0 = Release|Any CPU
		{A5392E49-E397-44D1-8A44-1E4D88ABAB3B}.Debug|Any CPU.ActiveCfg = Debug|Any CPU
		{A5392E49-E397-44D1-8A44-1E4D88ABAB3B}.Debug|Any CPU.Build.0 = Debug|Any CPU
		{A5392E49-E397-44D1-8A44-1E4D88ABAB3B}.Release|Any CPU.ActiveCfg = Release|Any CPU
		{A5392E49-E397-44D1-8A44-1E4D88ABAB3B}.Release|Any CPU.Build.0 = Release|Any CPU
		{BD5E5333-2C20-4009-BF58-BFB930AD6B6C}.Debug|Any CPU.ActiveCfg = Debug|Any CPU
		{BD5E5333-2C20-4009-BF58-BFB930AD6B6C}.Debug|Any CPU.Build.0 = Debug|Any CPU
		{BD5E5333-2C20-4009-BF58-BFB930AD6B6C}.Release|Any CPU.ActiveCfg = Release|Any CPU
		{BD5E5333-2C20-4009-BF58-BFB930AD6B6C}.Release|Any CPU.Build.0 = Release|Any CPU
		{2E815BDB-DB3D-4EB1-B24C-34FF6B9E6113}.Debug|Any CPU.ActiveCfg = Debug|Any CPU
		{2E815BDB-DB3D-4EB1-B24C-34FF6B9E6113}.Debug|Any CPU.Build.0 = Debug|Any CPU
		{2E815BDB-DB3D-4EB1-B24C-34FF6B9E6113}.Release|Any CPU.ActiveCfg = Release|Any CPU
		{2E815BDB-DB3D-4EB1-B24C-34FF6B9E6113}.Release|Any CPU.Build.0 = Release|Any CPU
		{703A7286-774E-4969-924B-6305366916BB}.Debug|Any CPU.ActiveCfg = Debug|Any CPU
		{703A7286-774E-4969-924B-6305366916BB}.Debug|Any CPU.Build.0 = Debug|Any CPU
		{703A7286-774E-4969-924B-6305366916BB}.Release|Any CPU.ActiveCfg = Release|Any CPU
		{703A7286-774E-4969-924B-6305366916BB}.Release|Any CPU.Build.0 = Release|Any CPU
		{6F9FF96F-57D1-4F1E-B722-42639DA5588A}.Debug|Any CPU.ActiveCfg = Debug|Any CPU
		{6F9FF96F-57D1-4F1E-B722-42639DA5588A}.Debug|Any CPU.Build.0 = Debug|Any CPU
		{6F9FF96F-57D1-4F1E-B722-42639DA5588A}.Release|Any CPU.ActiveCfg = Release|Any CPU
		{6F9FF96F-57D1-4F1E-B722-42639DA5588A}.Release|Any CPU.Build.0 = Release|Any CPU
		{1E99A3AD-6BCE-4772-AED2-CF895F945D31}.Debug|Any CPU.ActiveCfg = Debug|Any CPU
		{1E99A3AD-6BCE-4772-AED2-CF895F945D31}.Debug|Any CPU.Build.0 = Debug|Any CPU
		{1E99A3AD-6BCE-4772-AED2-CF895F945D31}.Debug|x64.ActiveCfg = Debug|Any CPU
		{1E99A3AD-6BCE-4772-AED2-CF895F945D31}.Debug|x64.Build.0 = Debug|Any CPU
		{1E99A3AD-6BCE-4772-AED2-CF895F945D31}.Debug|x86.ActiveCfg = Debug|Any CPU
		{1E99A3AD-6BCE-4772-AED2-CF895F945D31}.Debug|x86.Build.0 = Debug|Any CPU
		{1E99A3AD-6BCE-4772-AED2-CF895F945D31}.Release|Any CPU.ActiveCfg = Release|Any CPU
		{1E99A3AD-6BCE-4772-AED2-CF895F945D31}.Release|Any CPU.Build.0 = Release|Any CPU
		{1E99A3AD-6BCE-4772-AED2-CF895F945D31}.Release|x64.ActiveCfg = Release|Any CPU
		{1E99A3AD-6BCE-4772-AED2-CF895F945D31}.Release|x64.Build.0 = Release|Any CPU
		{1E99A3AD-6BCE-4772-AED2-CF895F945D31}.Release|x86.ActiveCfg = Release|Any CPU
		{1E99A3AD-6BCE-4772-AED2-CF895F945D31}.Release|x86.Build.0 = Release|Any CPU
		{ED74B67B-5F06-48D9-A2A4-1320E0EAB658}.Debug|Any CPU.ActiveCfg = Debug|Any CPU
		{ED74B67B-5F06-48D9-A2A4-1320E0EAB658}.Debug|Any CPU.Build.0 = Debug|Any CPU
		{ED74B67B-5F06-48D9-A2A4-1320E0EAB658}.Debug|x64.ActiveCfg = Debug|Any CPU
		{ED74B67B-5F06-48D9-A2A4-1320E0EAB658}.Debug|x64.Build.0 = Debug|Any CPU
		{ED74B67B-5F06-48D9-A2A4-1320E0EAB658}.Debug|x86.ActiveCfg = Debug|Any CPU
		{ED74B67B-5F06-48D9-A2A4-1320E0EAB658}.Debug|x86.Build.0 = Debug|Any CPU
		{ED74B67B-5F06-48D9-A2A4-1320E0EAB658}.Release|Any CPU.ActiveCfg = Release|Any CPU
		{ED74B67B-5F06-48D9-A2A4-1320E0EAB658}.Release|Any CPU.Build.0 = Release|Any CPU
		{ED74B67B-5F06-48D9-A2A4-1320E0EAB658}.Release|x64.ActiveCfg = Release|Any CPU
		{ED74B67B-5F06-48D9-A2A4-1320E0EAB658}.Release|x64.Build.0 = Release|Any CPU
		{ED74B67B-5F06-48D9-A2A4-1320E0EAB658}.Release|x86.ActiveCfg = Release|Any CPU
		{ED74B67B-5F06-48D9-A2A4-1320E0EAB658}.Release|x86.Build.0 = Release|Any CPU
		{2D5B5A6C-69E8-4FC6-A4C1-0C09096D5AE1}.Debug|Any CPU.ActiveCfg = Debug|Any CPU
		{2D5B5A6C-69E8-4FC6-A4C1-0C09096D5AE1}.Debug|Any CPU.Build.0 = Debug|Any CPU
		{2D5B5A6C-69E8-4FC6-A4C1-0C09096D5AE1}.Debug|x64.ActiveCfg = Debug|Any CPU
		{2D5B5A6C-69E8-4FC6-A4C1-0C09096D5AE1}.Debug|x64.Build.0 = Debug|Any CPU
		{2D5B5A6C-69E8-4FC6-A4C1-0C09096D5AE1}.Debug|x86.ActiveCfg = Debug|Any CPU
		{2D5B5A6C-69E8-4FC6-A4C1-0C09096D5AE1}.Debug|x86.Build.0 = Debug|Any CPU
		{2D5B5A6C-69E8-4FC6-A4C1-0C09096D5AE1}.Release|Any CPU.ActiveCfg = Release|Any CPU
		{2D5B5A6C-69E8-4FC6-A4C1-0C09096D5AE1}.Release|Any CPU.Build.0 = Release|Any CPU
		{2D5B5A6C-69E8-4FC6-A4C1-0C09096D5AE1}.Release|x64.ActiveCfg = Release|Any CPU
		{2D5B5A6C-69E8-4FC6-A4C1-0C09096D5AE1}.Release|x64.Build.0 = Release|Any CPU
		{2D5B5A6C-69E8-4FC6-A4C1-0C09096D5AE1}.Release|x86.ActiveCfg = Release|Any CPU
		{2D5B5A6C-69E8-4FC6-A4C1-0C09096D5AE1}.Release|x86.Build.0 = Release|Any CPU
	EndGlobalSection
	GlobalSection(SolutionProperties) = preSolution
		HideSolutionNode = FALSE
	EndGlobalSection
	GlobalSection(NestedProjects) = preSolution
		{A12A3C14-DA68-4E9F-A9BB-53FF587C0A51} = {3A61DBD3-B2D4-45D7-9CB6-9BC4C9586467}
		{323B466B-D2DB-4774-993A-61B2A66715E6} = {3A61DBD3-B2D4-45D7-9CB6-9BC4C9586467}
		{AD400B3E-073B-4BBD-AF0F-EFAAF48A3E58} = {3A61DBD3-B2D4-45D7-9CB6-9BC4C9586467}
		{A47CFB75-1972-4BFB-98A1-9933FD5E086F} = {E1ADFCCC-1FF7-40E6-8D82-301F3FA909A7}
		{AE6D7A1A-E034-470B-8AB5-793AFE4C9C51} = {937A8411-5A71-43D8-906A-35614DEFD201}
		{7BFA62FE-3066-45C1-B675-2266A28D0F96} = {E1ADFCCC-1FF7-40E6-8D82-301F3FA909A7}
		{9BDAC0A4-FDCA-40D6-927D-8E1DE01F5F17} = {3A61DBD3-B2D4-45D7-9CB6-9BC4C9586467}
		{687A7181-BBAE-4AD0-BF8E-47EE00311938} = {198995B8-A14C-4890-BF05-10C65C1E790F}
		{682DDE9F-2868-4477-B159-9EB7D255D565} = {198995B8-A14C-4890-BF05-10C65C1E790F}
		{ABA8CD5A-BEF7-4962-9C23-AE69F430CC1B} = {198995B8-A14C-4890-BF05-10C65C1E790F}
		{40B97A2D-B75C-417B-90DB-4EE423250314} = {E1ADFCCC-1FF7-40E6-8D82-301F3FA909A7}
		{96AD14C8-67A1-4DC4-8593-F2D64F999223} = {3A61DBD3-B2D4-45D7-9CB6-9BC4C9586467}
		{9A53EEBB-3DE4-41FD-8552-94F79E88D674} = {8546F1DA-6055-4224-8A2B-36CDE94CBD07}
		{FE8338CF-3245-4B4E-BAA1-4643A6AB668E} = {C1B3BF4F-54CA-4100-AA4E-EA91B17704B8}
		{15E7492F-ACCE-4267-A52A-2ABF44690F64} = {C1B3BF4F-54CA-4100-AA4E-EA91B17704B8}
		{B6719E71-5BBE-4F24-B728-EE92AC5C8E07} = {3A61DBD3-B2D4-45D7-9CB6-9BC4C9586467}
		{5AF185E2-6CDD-47E6-8B93-4624F0A8CA66} = {C1B3BF4F-54CA-4100-AA4E-EA91B17704B8}
		{F2388615-C86A-4C2B-8832-F837E68D3835} = {2BE7CEE7-58EF-4087-8D7C-B74CE7969A5C}
		{313D64E3-8DF7-4A07-B60C-78A0DA380466} = {2BE7CEE7-58EF-4087-8D7C-B74CE7969A5C}
		{039F89A9-FD1D-483E-BD15-83008943FE96} = {2BE7CEE7-58EF-4087-8D7C-B74CE7969A5C}
		{E0A701BD-23C7-45C1-B969-E639B001C7E9} = {2E941CDF-4D51-4DB2-AEED-B4C44F9918CA}
		{79DF4237-68B8-4BA3-A9CC-298A96248CC1} = {2E941CDF-4D51-4DB2-AEED-B4C44F9918CA}
		{CD708F54-3DB5-4D70-ABED-8843E61EC1A6} = {2E941CDF-4D51-4DB2-AEED-B4C44F9918CA}
		{BD73440D-607E-4002-B7A1-14C0194B5230} = {F589D54E-8BFF-45BD-85A8-0C1FCF4F58F3}
		{02CB2B53-7670-47CC-93DF-6F941FB58C38} = {F589D54E-8BFF-45BD-85A8-0C1FCF4F58F3}
		{81BF10AD-AD08-4D47-8150-96FA09227107} = {F589D54E-8BFF-45BD-85A8-0C1FCF4F58F3}
		{4DE1B041-1D69-4291-BB69-981CBB7A8DA7} = {F589D54E-8BFF-45BD-85A8-0C1FCF4F58F3}
		{CF9C9DB3-4178-4D3D-8232-4BE2B20C0D96} = {F589D54E-8BFF-45BD-85A8-0C1FCF4F58F3}
		{21183CC3-A28E-4407-B3A9-714DC39FE759} = {F589D54E-8BFF-45BD-85A8-0C1FCF4F58F3}
		{BD5E5333-2C20-4009-BF58-BFB930AD6B6C} = {F589D54E-8BFF-45BD-85A8-0C1FCF4F58F3}
		{703A7286-774E-4969-924B-6305366916BB} = {C1B3BF4F-54CA-4100-AA4E-EA91B17704B8}
		{ED74B67B-5F06-48D9-A2A4-1320E0EAB658} = {F589D54E-8BFF-45BD-85A8-0C1FCF4F58F3}
	EndGlobalSection
	GlobalSection(ExtensibilityGlobals) = postSolution
		SolutionGuid = {6EACF2AC-4BC4-46CE-B6EB-1556257C4C21}
	EndGlobalSection
	GlobalSection(SolutionConfigurationPlatforms) = preSolution
		Debug|Any CPU = Debug|Any CPU
		Debug|x64 = Debug|x64
		Debug|x86 = Debug|x86
		Release|Any CPU = Release|Any CPU
		Release|x64 = Release|x64
		Release|x86 = Release|x86
	EndGlobalSection
EndGlobal
